// !$*UTF8*$!
{
	archiveVersion = 1;
	classes = {
	};
	objectVersion = 60;
	objects = {

/* Begin PBXBuildFile section */
		0003233B6281FAE346117913 /* Pods_zkpassportmobileapp.framework in Frameworks */ = {isa = PBXBuildFile; fileRef = 8F5BB255BE10C0F542528A42 /* Pods_zkpassportmobileapp.framework */; };
		0EE5968FAA5A4C76BE23437F /* noop-file.swift in Sources */ = {isa = PBXBuildFile; fileRef = 95D3F1E0586E40109094B0B1 /* noop-file.swift */; };
		13B07FBF1A68108700A75B9A /* Images.xcassets in Resources */ = {isa = PBXBuildFile; fileRef = 13B07FB51A68108700A75B9A /* Images.xcassets */; };
		2905764CE538488BAE5B94A8 /* Metropolis-Medium.otf in Resources */ = {isa = PBXBuildFile; fileRef = 34BB0A37D0C742CAB2B2C19F /* Metropolis-Medium.otf */; };
		3E461D99554A48A4959DE609 /* SplashScreen.storyboard in Resources */ = {isa = PBXBuildFile; fileRef = AA286B85B6C04FC6940260E9 /* SplashScreen.storyboard */; };
		4DFA8DD12FE34DC08468127A /* Metropolis-SemiBold.otf in Resources */ = {isa = PBXBuildFile; fileRef = 72DDD5030B144980A695AF4F /* Metropolis-SemiBold.otf */; };
		52304EDAE53E4E3DA3EC62B9 /* Metropolis-Bold.otf in Resources */ = {isa = PBXBuildFile; fileRef = 592BB7D5B656408BBD4CFBF6 /* Metropolis-Bold.otf */; };
		B18059E884C0ABDD17F3DC3D /* ExpoModulesProvider.swift in Sources */ = {isa = PBXBuildFile; fileRef = FAC715A2D49A985799AEE119 /* ExpoModulesProvider.swift */; };
		BB2F792D24A3F905000567C9 /* Expo.plist in Resources */ = {isa = PBXBuildFile; fileRef = BB2F792C24A3F905000567C9 /* Expo.plist */; };
		C2010D932CCA518F003AB215 /* PassportReader in Frameworks */ = {isa = PBXBuildFile; productRef = C2010D922CCA518F003AB215 /* PassportReader */; };
		C2010D972CCA68CE003AB215 /* PassportReader in Frameworks */ = {isa = PBXBuildFile; productRef = C2010D962CCA68CE003AB215 /* PassportReader */; };
		C202970A2F311A2A00638FC5 /* Localizable.strings in Resources */ = {isa = PBXBuildFile; fileRef = C20297082F311A2A00638FC5 /* Localizable.strings */; };
		C204E74B2EB433BC00914BDE /* Swoir in Frameworks */ = {isa = PBXBuildFile; productRef = C204E74A2EB433BC00914BDE /* Swoir */; };
		C204E74E2EB43BF000914BDE /* Swoir in Frameworks */ = {isa = PBXBuildFile; productRef = C204E74D2EB43BF000914BDE /* Swoir */; };
		C2197D2F2CC6A51D00EFB12F /* MRZParser in Frameworks */ = {isa = PBXBuildFile; productRef = C2197D2E2CC6A51D00EFB12F /* MRZParser */; };
		C2197D362CC6A53D00EFB12F /* VisionViewController.swift in Sources */ = {isa = PBXBuildFile; fileRef = C2197D332CC6A53D00EFB12F /* VisionViewController.swift */; };
		C2197D372CC6A53D00EFB12F /* StringUtils.swift in Sources */ = {isa = PBXBuildFile; fileRef = C2197D312CC6A53D00EFB12F /* StringUtils.swift */; };
		C2197D382CC6A53D00EFB12F /* ViewController.swift in Sources */ = {isa = PBXBuildFile; fileRef = C2197D322CC6A53D00EFB12F /* ViewController.swift */; };
		C2197D3A2CC6A53D00EFB12F /* PreviewView.swift in Sources */ = {isa = PBXBuildFile; fileRef = C2197D302CC6A53D00EFB12F /* PreviewView.swift */; };
		C2197D3F2CC6A79F00EFB12F /* MrzScannerModule.swift in Sources */ = {isa = PBXBuildFile; fileRef = C2197D3E2CC6A79F00EFB12F /* MrzScannerModule.swift */; };
		C2197D402CC6A79F00EFB12F /* MrzScannerModule.m in Sources */ = {isa = PBXBuildFile; fileRef = C2197D3D2CC6A79F00EFB12F /* MrzScannerModule.m */; };
		C2197D432CC79A7E00EFB12F /* NoirModule.swift in Sources */ = {isa = PBXBuildFile; fileRef = C2197D422CC79A7E00EFB12F /* NoirModule.swift */; };
		C2197D442CC79A7E00EFB12F /* NoirModule.m in Sources */ = {isa = PBXBuildFile; fileRef = C2197D412CC79A7E00EFB12F /* NoirModule.m */; };
		C2197D472CC79A9F00EFB12F /* Swoir in Frameworks */ = {isa = PBXBuildFile; productRef = C2197D462CC79A9F00EFB12F /* Swoir */; };
		C23EBB462E5C5B490027E80F /* AppDelegate.swift in Sources */ = {isa = PBXBuildFile; fileRef = C23EBB452E5C5B490027E80F /* AppDelegate.swift */; };
		C2486D472CD8865B0020E7CD /* PassportReader in Frameworks */ = {isa = PBXBuildFile; productRef = C2486D462CD8865B0020E7CD /* PassportReader */; };
		C2486D4A2CD88E680020E7CD /* PassportReader in Frameworks */ = {isa = PBXBuildFile; productRef = C2486D492CD88E680020E7CD /* PassportReader */; };
		C2486D4D2CDA99830020E7CD /* PassportReader in Frameworks */ = {isa = PBXBuildFile; productRef = C2486D4C2CDA99830020E7CD /* PassportReader */; };
		C24EA66E2EE3928700873EBC /* opencv2.framework in Frameworks */ = {isa = PBXBuildFile; fileRef = C24EA66D2EE3928700873EBC /* opencv2.framework */; };
		C24EA6732EE392B700873EBC /* OpenCVWrapper.mm in Sources */ = {isa = PBXBuildFile; fileRef = C24EA6722EE392B700873EBC /* OpenCVWrapper.mm */; };
		C257851F2D2AB7CD00495F11 /* PassportReader in Frameworks */ = {isa = PBXBuildFile; productRef = C257851E2D2AB7CD00495F11 /* PassportReader */; };
		C268CB882EB3D444001229E8 /* Swoir in Frameworks */ = {isa = PBXBuildFile; productRef = C268CB872EB3D444001229E8 /* Swoir */; };
		C27F91662CC8EE07000239D1 /* PassportReaderModule.m in Sources */ = {isa = PBXBuildFile; fileRef = C27F91642CC8EE07000239D1 /* PassportReaderModule.m */; };
		C27F91672CC8EE07000239D1 /* PassportReaderModule.swift in Sources */ = {isa = PBXBuildFile; fileRef = C27F91652CC8EE07000239D1 /* PassportReaderModule.swift */; };
		C27F916B2CC8EF85000239D1 /* PassportReader in Frameworks */ = {isa = PBXBuildFile; productRef = C27F916A2CC8EF85000239D1 /* PassportReader */; };
		C29E7ECB2E8EB85D0067AEF3 /* srs_21.local in Resources */ = {isa = PBXBuildFile; fileRef = C29E7ECA2E8EB85D0067AEF3 /* srs_21.local */; };
		C2A4560D2E5F2A10009B2134 /* Swoir in Frameworks */ = {isa = PBXBuildFile; productRef = C2A4560C2E5F2A0F009B2134 /* Swoir */; };
		C2A456102E5F2B5A009B2134 /* Swoir in Frameworks */ = {isa = PBXBuildFile; productRef = C2A4560F2E5F2B5A009B2134 /* Swoir */; };
		C2B12FA22EA8E1DC00641E43 /* Swoir in Frameworks */ = {isa = PBXBuildFile; productRef = C2B12FA12EA8E1DC00641E43 /* Swoir */; };
		C2B225632ED6656800E42615 /* ImagePreprocessor.swift in Sources */ = {isa = PBXBuildFile; fileRef = C2B2255E2ED6656800E42615 /* ImagePreprocessor.swift */; };
		C2B225642ED6656800E42615 /* TesseractOCREngine.swift in Sources */ = {isa = PBXBuildFile; fileRef = C2B225622ED6656800E42615 /* TesseractOCREngine.swift */; };
		C2B225652ED6656800E42615 /* MRZChecksumValidator.swift in Sources */ = {isa = PBXBuildFile; fileRef = C2B2255F2ED6656800E42615 /* MRZChecksumValidator.swift */; };
		C2B225662ED6656800E42615 /* CharacterConfusionMatrix.swift in Sources */ = {isa = PBXBuildFile; fileRef = C2B2255C2ED6656800E42615 /* CharacterConfusionMatrix.swift */; };
		C2B225672ED6656800E42615 /* EnhancedMRZProcessor.swift in Sources */ = {isa = PBXBuildFile; fileRef = C2B2255D2ED6656800E42615 /* EnhancedMRZProcessor.swift */; };
		C2B225682ED6656800E42615 /* MRZScanConfig.swift in Sources */ = {isa = PBXBuildFile; fileRef = C2B225602ED6656800E42615 /* MRZScanConfig.swift */; };
		C2B225692ED6656800E42615 /* MultiFrameAggregator.swift in Sources */ = {isa = PBXBuildFile; fileRef = C2B225612ED6656800E42615 /* MultiFrameAggregator.swift */; };
		C2B2256A2ED6656900E42615 /* MRZTextOverlayView.swift in Sources */ = {isa = PBXBuildFile; fileRef = C2B2256B2ED6656900E42615 /* MRZTextOverlayView.swift */; };
		C2B3FE682ED8C10400DCBA4C /* tessdata in Resources */ = {isa = PBXBuildFile; fileRef = C2B3FE672ED8C10400DCBA4C /* tessdata */; };
		C2D185D02ED8B0560098C858 /* SwiftyTesseract in Frameworks */ = {isa = PBXBuildFile; productRef = C2D185CF2ED8B0560098C858 /* SwiftyTesseract */; };
		C2F0ADA82E5F505400A9E954 /* Swoir in Frameworks */ = {isa = PBXBuildFile; productRef = C2F0ADA72E5F505400A9E954 /* Swoir */; };
		C2F0ADAB2E5F510800A9E954 /* Swoir in Frameworks */ = {isa = PBXBuildFile; productRef = C2F0ADAA2E5F510800A9E954 /* Swoir */; };
		C2F3C99B2D4A95EC00BF231B /* NativeOperationsModule.m in Sources */ = {isa = PBXBuildFile; fileRef = C2F3C9972D4A95EC00BF231B /* NativeOperationsModule.m */; };
		C2F3C99D2D4A95EC00BF231B /* IMT.swift in Sources */ = {isa = PBXBuildFile; fileRef = C2F3C9952D4A95EC00BF231B /* IMT.swift */; };
		C2F3C99E2D4A95EC00BF231B /* NativeOperationsModule.swift in Sources */ = {isa = PBXBuildFile; fileRef = C2F3C9982D4A95EC00BF231B /* NativeOperationsModule.swift */; };
		C2F3C99F2D4A95EC00BF231B /* Poseidon2.swift in Sources */ = {isa = PBXBuildFile; fileRef = C2F3C9992D4A95EC00BF231B /* Poseidon2.swift */; };
		E31A13B1368717257C3D8A28 /* PrivacyInfo.xcprivacy in Resources */ = {isa = PBXBuildFile; fileRef = ACC823ABC628FABB636CE334 /* PrivacyInfo.xcprivacy */; };
/* End PBXBuildFile section */

/* Begin PBXFileReference section */
		13B07F961A680F5B00A75B9A /* ZKPassport.app */ = {isa = PBXFileReference; explicitFileType = wrapper.application; includeInIndex = 0; path = ZKPassport.app; sourceTree = BUILT_PRODUCTS_DIR; };
		13B07FB51A68108700A75B9A /* Images.xcassets */ = {isa = PBXFileReference; lastKnownFileType = folder.assetcatalog; name = Images.xcassets; path = zkpassportmobileapp/Images.xcassets; sourceTree = "<group>"; };
		13B07FB61A68108700A75B9A /* Info.plist */ = {isa = PBXFileReference; fileEncoding = 4; lastKnownFileType = text.plist.xml; name = Info.plist; path = zkpassportmobileapp/Info.plist; sourceTree = "<group>"; };
		278D86FC2EF3C56D00E5DFC5 /* opencv2 */ = {isa = PBXFileReference; lastKnownFileType = archive.ar; name = opencv2; path = Frameworks/opencv2.framework/Versions/A/opencv2; sourceTree = "<group>"; };
		34BB0A37D0C742CAB2B2C19F /* Metropolis-Medium.otf */ = {isa = PBXFileReference; explicitFileType = undefined; fileEncoding = 9; includeInIndex = 0; lastKnownFileType = unknown; name = "Metropolis-Medium.otf"; path = "../assets/fonts/Metropolis-Medium.otf"; sourceTree = "<group>"; };
		5707CE4AD9E5719F59916051 /* Pods-zkpassportmobileapp.release.xcconfig */ = {isa = PBXFileReference; includeInIndex = 1; lastKnownFileType = text.xcconfig; name = "Pods-zkpassportmobileapp.release.xcconfig"; path = "Target Support Files/Pods-zkpassportmobileapp/Pods-zkpassportmobileapp.release.xcconfig"; sourceTree = "<group>"; };
		592BB7D5B656408BBD4CFBF6 /* Metropolis-Bold.otf */ = {isa = PBXFileReference; explicitFileType = undefined; fileEncoding = 9; includeInIndex = 0; lastKnownFileType = unknown; name = "Metropolis-Bold.otf"; path = "../assets/fonts/Metropolis-Bold.otf"; sourceTree = "<group>"; };
		61C8BCC8E22B4EB7B1EABD3E /* zkpassportmobileapp-Bridging-Header.h */ = {isa = PBXFileReference; explicitFileType = undefined; fileEncoding = 4; includeInIndex = 0; lastKnownFileType = sourcecode.c.h; name = "zkpassportmobileapp-Bridging-Header.h"; path = "zkpassportmobileapp/zkpassportmobileapp-Bridging-Header.h"; sourceTree = "<group>"; };
		72DDD5030B144980A695AF4F /* Metropolis-SemiBold.otf */ = {isa = PBXFileReference; explicitFileType = undefined; fileEncoding = 9; includeInIndex = 0; lastKnownFileType = unknown; name = "Metropolis-SemiBold.otf"; path = "../assets/fonts/Metropolis-SemiBold.otf"; sourceTree = "<group>"; };
		8F5BB255BE10C0F542528A42 /* Pods_zkpassportmobileapp.framework */ = {isa = PBXFileReference; explicitFileType = wrapper.framework; includeInIndex = 0; path = Pods_zkpassportmobileapp.framework; sourceTree = BUILT_PRODUCTS_DIR; };
		95D3F1E0586E40109094B0B1 /* noop-file.swift */ = {isa = PBXFileReference; explicitFileType = undefined; fileEncoding = 4; includeInIndex = 0; lastKnownFileType = sourcecode.swift; name = "noop-file.swift"; path = "zkpassportmobileapp/noop-file.swift"; sourceTree = "<group>"; };
		AA286B85B6C04FC6940260E9 /* SplashScreen.storyboard */ = {isa = PBXFileReference; fileEncoding = 4; lastKnownFileType = file.storyboard; name = SplashScreen.storyboard; path = zkpassportmobileapp/SplashScreen.storyboard; sourceTree = "<group>"; };
		ACC823ABC628FABB636CE334 /* PrivacyInfo.xcprivacy */ = {isa = PBXFileReference; includeInIndex = 1; lastKnownFileType = text.xml; name = PrivacyInfo.xcprivacy; path = zkpassportmobileapp/PrivacyInfo.xcprivacy; sourceTree = "<group>"; };
		BB2F792C24A3F905000567C9 /* Expo.plist */ = {isa = PBXFileReference; fileEncoding = 4; lastKnownFileType = text.plist.xml; path = Expo.plist; sourceTree = "<group>"; };
		C2010D942CCA68BC003AB215 /* PassportReader */ = {isa = PBXFileReference; lastKnownFileType = wrapper; path = PassportReader; sourceTree = "<group>"; };
		C20297052F311A2A00638FC5 /* en */ = {isa = PBXFileReference; lastKnownFileType = text.plist.strings; name = en; path = en.lproj/Localizable.strings; sourceTree = "<group>"; };
		C20297062F311A2A00638FC5 /* fr */ = {isa = PBXFileReference; lastKnownFileType = text.plist.strings; name = fr; path = fr.lproj/Localizable.strings; sourceTree = "<group>"; };
		C20297072F311A2A00638FC5 /* pt */ = {isa = PBXFileReference; lastKnownFileType = text.plist.strings; name = pt; path = pt.lproj/Localizable.strings; sourceTree = "<group>"; };
		C2197D302CC6A53D00EFB12F /* PreviewView.swift */ = {isa = PBXFileReference; lastKnownFileType = sourcecode.swift; path = PreviewView.swift; sourceTree = "<group>"; };
		C2197D312CC6A53D00EFB12F /* StringUtils.swift */ = {isa = PBXFileReference; lastKnownFileType = sourcecode.swift; path = StringUtils.swift; sourceTree = "<group>"; };
		C2197D322CC6A53D00EFB12F /* ViewController.swift */ = {isa = PBXFileReference; lastKnownFileType = sourcecode.swift; path = ViewController.swift; sourceTree = "<group>"; };
		C2197D332CC6A53D00EFB12F /* VisionViewController.swift */ = {isa = PBXFileReference; lastKnownFileType = sourcecode.swift; path = VisionViewController.swift; sourceTree = "<group>"; };
		C2197D3D2CC6A79F00EFB12F /* MrzScannerModule.m */ = {isa = PBXFileReference; lastKnownFileType = sourcecode.c.objc; path = MrzScannerModule.m; sourceTree = "<group>"; };
		C2197D3E2CC6A79F00EFB12F /* MrzScannerModule.swift */ = {isa = PBXFileReference; lastKnownFileType = sourcecode.swift; path = MrzScannerModule.swift; sourceTree = "<group>"; };
		C2197D412CC79A7E00EFB12F /* NoirModule.m */ = {isa = PBXFileReference; lastKnownFileType = sourcecode.c.objc; path = NoirModule.m; sourceTree = "<group>"; };
		C2197D422CC79A7E00EFB12F /* NoirModule.swift */ = {isa = PBXFileReference; lastKnownFileType = sourcecode.swift; path = NoirModule.swift; sourceTree = "<group>"; };
		C23EBB452E5C5B490027E80F /* AppDelegate.swift */ = {isa = PBXFileReference; lastKnownFileType = sourcecode.swift; name = AppDelegate.swift; path = zkpassportmobileapp/AppDelegate.swift; sourceTree = "<group>"; };
		C24EA66D2EE3928700873EBC /* opencv2.framework */ = {isa = PBXFileReference; lastKnownFileType = wrapper.framework; name = opencv2.framework; path = Frameworks/opencv2.framework; sourceTree = "<group>"; };
		C24EA6712EE392B700873EBC /* OpenCVWrapper.h */ = {isa = PBXFileReference; lastKnownFileType = sourcecode.c.h; path = OpenCVWrapper.h; sourceTree = "<group>"; };
		C24EA6722EE392B700873EBC /* OpenCVWrapper.mm */ = {isa = PBXFileReference; lastKnownFileType = sourcecode.cpp.objcpp; path = OpenCVWrapper.mm; sourceTree = "<group>"; };
		C27F91642CC8EE07000239D1 /* PassportReaderModule.m */ = {isa = PBXFileReference; lastKnownFileType = sourcecode.c.objc; path = PassportReaderModule.m; sourceTree = "<group>"; };
		C27F91652CC8EE07000239D1 /* PassportReaderModule.swift */ = {isa = PBXFileReference; lastKnownFileType = sourcecode.swift; path = PassportReaderModule.swift; sourceTree = "<group>"; };
		C29E7ECA2E8EB85D0067AEF3 /* srs_21.local */ = {isa = PBXFileReference; lastKnownFileType = file; path = srs_21.local; sourceTree = "<group>"; };
		C2B2255C2ED6656800E42615 /* CharacterConfusionMatrix.swift */ = {isa = PBXFileReference; lastKnownFileType = sourcecode.swift; path = CharacterConfusionMatrix.swift; sourceTree = "<group>"; };
		C2B2255D2ED6656800E42615 /* EnhancedMRZProcessor.swift */ = {isa = PBXFileReference; lastKnownFileType = sourcecode.swift; path = EnhancedMRZProcessor.swift; sourceTree = "<group>"; };
		C2B2255E2ED6656800E42615 /* ImagePreprocessor.swift */ = {isa = PBXFileReference; lastKnownFileType = sourcecode.swift; path = ImagePreprocessor.swift; sourceTree = "<group>"; };
		C2B2255F2ED6656800E42615 /* MRZChecksumValidator.swift */ = {isa = PBXFileReference; lastKnownFileType = sourcecode.swift; path = MRZChecksumValidator.swift; sourceTree = "<group>"; };
		C2B225602ED6656800E42615 /* MRZScanConfig.swift */ = {isa = PBXFileReference; lastKnownFileType = sourcecode.swift; path = MRZScanConfig.swift; sourceTree = "<group>"; };
		C2B225612ED6656800E42615 /* MultiFrameAggregator.swift */ = {isa = PBXFileReference; lastKnownFileType = sourcecode.swift; path = MultiFrameAggregator.swift; sourceTree = "<group>"; };
		C2B225622ED6656800E42615 /* TesseractOCREngine.swift */ = {isa = PBXFileReference; lastKnownFileType = sourcecode.swift; path = TesseractOCREngine.swift; sourceTree = "<group>"; };
		C2B2256B2ED6656900E42615 /* MRZTextOverlayView.swift */ = {isa = PBXFileReference; lastKnownFileType = sourcecode.swift; path = MRZTextOverlayView.swift; sourceTree = "<group>"; };
		C2B3FE672ED8C10400DCBA4C /* tessdata */ = {isa = PBXFileReference; lastKnownFileType = folder; name = tessdata; path = zkpassportmobileapp/tessdata; sourceTree = "<group>"; };
		C2F3C9952D4A95EC00BF231B /* IMT.swift */ = {isa = PBXFileReference; lastKnownFileType = sourcecode.swift; path = IMT.swift; sourceTree = "<group>"; };
		C2F3C9972D4A95EC00BF231B /* NativeOperationsModule.m */ = {isa = PBXFileReference; lastKnownFileType = sourcecode.c.objc; path = NativeOperationsModule.m; sourceTree = "<group>"; };
		C2F3C9982D4A95EC00BF231B /* NativeOperationsModule.swift */ = {isa = PBXFileReference; lastKnownFileType = sourcecode.swift; path = NativeOperationsModule.swift; sourceTree = "<group>"; };
		C2F3C9992D4A95EC00BF231B /* Poseidon2.swift */ = {isa = PBXFileReference; lastKnownFileType = sourcecode.swift; path = Poseidon2.swift; sourceTree = "<group>"; };
		ED297162215061F000B7C4FE /* JavaScriptCore.framework */ = {isa = PBXFileReference; lastKnownFileType = wrapper.framework; name = JavaScriptCore.framework; path = System/Library/Frameworks/JavaScriptCore.framework; sourceTree = SDKROOT; };
		F52CFB2A46B5B6D7DA60FB9A /* Pods-zkpassportmobileapp.debug.xcconfig */ = {isa = PBXFileReference; includeInIndex = 1; lastKnownFileType = text.xcconfig; name = "Pods-zkpassportmobileapp.debug.xcconfig"; path = "Target Support Files/Pods-zkpassportmobileapp/Pods-zkpassportmobileapp.debug.xcconfig"; sourceTree = "<group>"; };
		FAC715A2D49A985799AEE119 /* ExpoModulesProvider.swift */ = {isa = PBXFileReference; includeInIndex = 1; lastKnownFileType = sourcecode.swift; name = ExpoModulesProvider.swift; path = "Pods/Target Support Files/Pods-zkpassportmobileapp/ExpoModulesProvider.swift"; sourceTree = "<group>"; };
/* End PBXFileReference section */

/* Begin PBXFileSystemSynchronizedRootGroup section */
		C2DBC7D22E8D89E000FE1277 /* zkpassporttests */ = {
			isa = PBXFileSystemSynchronizedRootGroup;
			exceptions = (
			);
			explicitFileTypes = {
			};
			explicitFolders = (
			);
			path = zkpassporttests;
			sourceTree = "<group>";
		};
/* End PBXFileSystemSynchronizedRootGroup section */

/* Begin PBXFrameworksBuildPhase section */
		13B07F8C1A680F5B00A75B9A /* Frameworks */ = {
			isa = PBXFrameworksBuildPhase;
			buildActionMask = 2147483647;
			files = (
				C2A4560D2E5F2A10009B2134 /* Swoir in Frameworks */,
				C2486D472CD8865B0020E7CD /* PassportReader in Frameworks */,
				C2F0ADA82E5F505400A9E954 /* Swoir in Frameworks */,
				C2F0ADAB2E5F510800A9E954 /* Swoir in Frameworks */,
				C2486D4D2CDA99830020E7CD /* PassportReader in Frameworks */,
				C2197D472CC79A9F00EFB12F /* Swoir in Frameworks */,
				C2010D972CCA68CE003AB215 /* PassportReader in Frameworks */,
				C27F916B2CC8EF85000239D1 /* PassportReader in Frameworks */,
				C2010D932CCA518F003AB215 /* PassportReader in Frameworks */,
				C204E74E2EB43BF000914BDE /* Swoir in Frameworks */,
				C268CB882EB3D444001229E8 /* Swoir in Frameworks */,
				C2B12FA22EA8E1DC00641E43 /* Swoir in Frameworks */,
				C2486D4A2CD88E680020E7CD /* PassportReader in Frameworks */,
				C2D185D02ED8B0560098C858 /* SwiftyTesseract in Frameworks */,
				C257851F2D2AB7CD00495F11 /* PassportReader in Frameworks */,
				C2A456102E5F2B5A009B2134 /* Swoir in Frameworks */,
				C204E74B2EB433BC00914BDE /* Swoir in Frameworks */,
				C2197D2F2CC6A51D00EFB12F /* MRZParser in Frameworks */,
				C24EA66E2EE3928700873EBC /* opencv2.framework in Frameworks */,
				0003233B6281FAE346117913 /* Pods_zkpassportmobileapp.framework in Frameworks */,
			);
			runOnlyForDeploymentPostprocessing = 0;
		};
/* End PBXFrameworksBuildPhase section */

/* Begin PBXGroup section */
		13B07FAE1A68108700A75B9A /* zkpassportmobileapp */ = {
			isa = PBXGroup;
			children = (
				C29E7ECA2E8EB85D0067AEF3 /* srs_21.local */,
				C23EBB452E5C5B490027E80F /* AppDelegate.swift */,
				C2F3C9952D4A95EC00BF231B /* IMT.swift */,
				C2F3C9972D4A95EC00BF231B /* NativeOperationsModule.m */,
				C2F3C9982D4A95EC00BF231B /* NativeOperationsModule.swift */,
				C2F3C9992D4A95EC00BF231B /* Poseidon2.swift */,
				C27F91642CC8EE07000239D1 /* PassportReaderModule.m */,
				C27F91652CC8EE07000239D1 /* PassportReaderModule.swift */,
				C2197D412CC79A7E00EFB12F /* NoirModule.m */,
				C2197D422CC79A7E00EFB12F /* NoirModule.swift */,
				C2197D3D2CC6A79F00EFB12F /* MrzScannerModule.m */,
				C2197D3E2CC6A79F00EFB12F /* MrzScannerModule.swift */,
				C2197D342CC6A53D00EFB12F /* MrzScanner */,
				BB2F792B24A3F905000567C9 /* Supporting */,
				13B07FB51A68108700A75B9A /* Images.xcassets */,
				13B07FB61A68108700A75B9A /* Info.plist */,
				AA286B85B6C04FC6940260E9 /* SplashScreen.storyboard */,
				95D3F1E0586E40109094B0B1 /* noop-file.swift */,
				61C8BCC8E22B4EB7B1EABD3E /* zkpassportmobileapp-Bridging-Header.h */,
				ACC823ABC628FABB636CE334 /* PrivacyInfo.xcprivacy */,
			);
			name = zkpassportmobileapp;
			sourceTree = "<group>";
		};
		2D16E6871FA4F8E400B85C8A /* Frameworks */ = {
			isa = PBXGroup;
			children = (
				278D86FC2EF3C56D00E5DFC5 /* opencv2 */,
				C24EA66D2EE3928700873EBC /* opencv2.framework */,
				C2010D942CCA68BC003AB215 /* PassportReader */,
				ED297162215061F000B7C4FE /* JavaScriptCore.framework */,
				8F5BB255BE10C0F542528A42 /* Pods_zkpassportmobileapp.framework */,
			);
			name = Frameworks;
			sourceTree = "<group>";
		};
		67E52E3467234255972EAA3E /* Resources */ = {
			isa = PBXGroup;
			children = (
				34BB0A37D0C742CAB2B2C19F /* Metropolis-Medium.otf */,
				592BB7D5B656408BBD4CFBF6 /* Metropolis-Bold.otf */,
				72DDD5030B144980A695AF4F /* Metropolis-SemiBold.otf */,
			);
			name = Resources;
			sourceTree = "<group>";
		};
		832341AE1AAA6A7D00B99B32 /* Libraries */ = {
			isa = PBXGroup;
			children = (
			);
			name = Libraries;
			sourceTree = "<group>";
		};
		83CBB9F61A601CBA00E9B192 = {
			isa = PBXGroup;
			children = (
				C2B3FE672ED8C10400DCBA4C /* tessdata */,
				13B07FAE1A68108700A75B9A /* zkpassportmobileapp */,
				832341AE1AAA6A7D00B99B32 /* Libraries */,
				C2DBC7D22E8D89E000FE1277 /* zkpassporttests */,
				83CBBA001A601CBA00E9B192 /* Products */,
				2D16E6871FA4F8E400B85C8A /* Frameworks */,
				D65327D7A22EEC0BE12398D9 /* Pods */,
				D7E4C46ADA2E9064B798F356 /* ExpoModulesProviders */,
				67E52E3467234255972EAA3E /* Resources */,
			);
			indentWidth = 2;
			sourceTree = "<group>";
			tabWidth = 2;
			usesTabs = 0;
		};
		83CBBA001A601CBA00E9B192 /* Products */ = {
			isa = PBXGroup;
			children = (
				13B07F961A680F5B00A75B9A /* ZKPassport.app */,
			);
			name = Products;
			sourceTree = "<group>";
		};
		92DBD88DE9BF7D494EA9DA96 /* zkpassportmobileapp */ = {
			isa = PBXGroup;
			children = (
				FAC715A2D49A985799AEE119 /* ExpoModulesProvider.swift */,
			);
			name = zkpassportmobileapp;
			sourceTree = "<group>";
		};
		BB2F792B24A3F905000567C9 /* Supporting */ = {
			isa = PBXGroup;
			children = (
				BB2F792C24A3F905000567C9 /* Expo.plist */,
			);
			name = Supporting;
			path = zkpassportmobileapp/Supporting;
			sourceTree = "<group>";
		};
		C20297092F311A2A00638FC5 /* Resources */ = {
			isa = PBXGroup;
			children = (
				C20297082F311A2A00638FC5 /* Localizable.strings */,
			);
			path = Resources;
			sourceTree = "<group>";
		};
		C2197D342CC6A53D00EFB12F /* MrzScanner */ = {
			isa = PBXGroup;
			children = (
				C20297092F311A2A00638FC5 /* Resources */,
				C24EA6712EE392B700873EBC /* OpenCVWrapper.h */,
				C24EA6722EE392B700873EBC /* OpenCVWrapper.mm */,
				C2B2255C2ED6656800E42615 /* CharacterConfusionMatrix.swift */,
				C2B2255D2ED6656800E42615 /* EnhancedMRZProcessor.swift */,
				C2B2255E2ED6656800E42615 /* ImagePreprocessor.swift */,
				C2B2255F2ED6656800E42615 /* MRZChecksumValidator.swift */,
				C2B225602ED6656800E42615 /* MRZScanConfig.swift */,
				C2B2256B2ED6656900E42615 /* MRZTextOverlayView.swift */,
				C2B225612ED6656800E42615 /* MultiFrameAggregator.swift */,
				C2B225622ED6656800E42615 /* TesseractOCREngine.swift */,
				C2197D302CC6A53D00EFB12F /* PreviewView.swift */,
				C2197D312CC6A53D00EFB12F /* StringUtils.swift */,
				C2197D322CC6A53D00EFB12F /* ViewController.swift */,
				C2197D332CC6A53D00EFB12F /* VisionViewController.swift */,
			);
			path = MrzScanner;
			sourceTree = "<group>";
		};
		D65327D7A22EEC0BE12398D9 /* Pods */ = {
			isa = PBXGroup;
			children = (
				F52CFB2A46B5B6D7DA60FB9A /* Pods-zkpassportmobileapp.debug.xcconfig */,
				5707CE4AD9E5719F59916051 /* Pods-zkpassportmobileapp.release.xcconfig */,
			);
			path = Pods;
			sourceTree = "<group>";
		};
		D7E4C46ADA2E9064B798F356 /* ExpoModulesProviders */ = {
			isa = PBXGroup;
			children = (
				92DBD88DE9BF7D494EA9DA96 /* zkpassportmobileapp */,
			);
			name = ExpoModulesProviders;
			sourceTree = "<group>";
		};
/* End PBXGroup section */

/* Begin PBXNativeTarget section */
		13B07F861A680F5B00A75B9A /* zkpassportmobileapp */ = {
			isa = PBXNativeTarget;
			buildConfigurationList = 13B07F931A680F5B00A75B9A /* Build configuration list for PBXNativeTarget "zkpassportmobileapp" */;
			buildPhases = (
				8101B4856FEDCB890DE9A1F6 /* [CP] Check Pods Manifest.lock */,
				F49D87948D48A7817E569C0A /* [Expo] Configure project */,
				13B07F871A680F5B00A75B9A /* Sources */,
				13B07F8C1A680F5B00A75B9A /* Frameworks */,
				13B07F8E1A680F5B00A75B9A /* Resources */,
				00DD1BFF1BD5951E006B06BC /* Bundle React Native code and images */,
				60A82EA3DD6B62636087E746 /* [CP] Embed Pods Frameworks */,
				960E43DA35E8C3A5D40F1110 /* [CP] Copy Pods Resources */,
			);
			buildRules = (
			);
			dependencies = (
			);
			name = zkpassportmobileapp;
			productName = zkpassportmobileapp;
			productReference = 13B07F961A680F5B00A75B9A /* ZKPassport.app */;
			productType = "com.apple.product-type.application";
		};
/* End PBXNativeTarget section */

/* Begin PBXProject section */
		83CBB9F71A601CBA00E9B192 /* Project object */ = {
			isa = PBXProject;
			attributes = {
				LastSwiftUpdateCheck = 1620;
				LastUpgradeCheck = 1130;
				TargetAttributes = {
					13B07F861A680F5B00A75B9A = {
						LastSwiftMigration = 1250;
					};
				};
			};
			buildConfigurationList = 83CBB9FA1A601CBA00E9B192 /* Build configuration list for PBXProject "zkpassportmobileapp" */;
			compatibilityVersion = "Xcode 15.0";
			developmentRegion = en;
			hasScannedForEncodings = 0;
			knownRegions = (
				en,
				Base,
				fr,
				pt,
			);
			mainGroup = 83CBB9F61A601CBA00E9B192;
			packageReferences = (
				C2197D2D2CC6A51D00EFB12F /* XCRemoteSwiftPackageReference "MRZParser" */,
				C257851D2D2AB7CD00495F11 /* XCLocalSwiftPackageReference "PassportReader" */,
				C204E74C2EB43BF000914BDE /* XCRemoteSwiftPackageReference "Swoir" */,
				C2D185CE2ED8B0560098C858 /* XCRemoteSwiftPackageReference "SwiftyTesseract" */,
			);
			productRefGroup = 83CBBA001A601CBA00E9B192 /* Products */;
			projectDirPath = "";
			projectRoot = "";
			targets = (
				13B07F861A680F5B00A75B9A /* zkpassportmobileapp */,
			);
		};
/* End PBXProject section */

/* Begin PBXResourcesBuildPhase section */
		13B07F8E1A680F5B00A75B9A /* Resources */ = {
			isa = PBXResourcesBuildPhase;
			buildActionMask = 2147483647;
			files = (
				C2B3FE682ED8C10400DCBA4C /* tessdata in Resources */,
				BB2F792D24A3F905000567C9 /* Expo.plist in Resources */,
				13B07FBF1A68108700A75B9A /* Images.xcassets in Resources */,
				3E461D99554A48A4959DE609 /* SplashScreen.storyboard in Resources */,
				2905764CE538488BAE5B94A8 /* Metropolis-Medium.otf in Resources */,
				C202970A2F311A2A00638FC5 /* Localizable.strings in Resources */,
				52304EDAE53E4E3DA3EC62B9 /* Metropolis-Bold.otf in Resources */,
				4DFA8DD12FE34DC08468127A /* Metropolis-SemiBold.otf in Resources */,
				E31A13B1368717257C3D8A28 /* PrivacyInfo.xcprivacy in Resources */,
				C29E7ECB2E8EB85D0067AEF3 /* srs_21.local in Resources */,
			);
			runOnlyForDeploymentPostprocessing = 0;
		};
/* End PBXResourcesBuildPhase section */

/* Begin PBXShellScriptBuildPhase section */
		00DD1BFF1BD5951E006B06BC /* Bundle React Native code and images */ = {
			isa = PBXShellScriptBuildPhase;
			alwaysOutOfDate = 1;
			buildActionMask = 2147483647;
			files = (
			);
			inputPaths = (
			);
			name = "Bundle React Native code and images";
			outputPaths = (
			);
			runOnlyForDeploymentPostprocessing = 0;
			shellPath = /bin/sh;
			shellScript = "if [[ -f \"$PODS_ROOT/../.xcode.env\" ]]; then\n  source \"$PODS_ROOT/../.xcode.env\"\nfi\nif [[ -f \"$PODS_ROOT/../.xcode.env.local\" ]]; then\n  source \"$PODS_ROOT/../.xcode.env.local\"\nfi\n\n# The project root by default is one level up from the ios directory\nexport PROJECT_ROOT=\"$PROJECT_DIR\"/..\n\nif [[ \"$CONFIGURATION\" = *Debug* ]]; then\n  export SKIP_BUNDLING=1\nfi\nif [[ -z \"$ENTRY_FILE\" ]]; then\n  # Set the entry JS file using the bundler's entry resolution.\n  export ENTRY_FILE=\"$(\"$NODE_BINARY\" -e \"require('expo/scripts/resolveAppEntry')\" \"$PROJECT_ROOT\" ios absolute | tail -n 1)\"\nfi\n\nif [[ -z \"$CLI_PATH\" ]]; then\n  # Use Expo CLI\n  export CLI_PATH=\"$(\"$NODE_BINARY\" --print \"require.resolve('@expo/cli', { paths: [require.resolve('expo/package.json')] })\")\"\nfi\nif [[ -z \"$BUNDLE_COMMAND\" ]]; then\n  # Default Expo CLI command for bundling\n  export BUNDLE_COMMAND=\"export:embed\"\nfi\n\n# Source .xcode.env.updates if it exists to allow\n# SKIP_BUNDLING to be unset if needed\nif [[ -f \"$PODS_ROOT/../.xcode.env.updates\" ]]; then\n  source \"$PODS_ROOT/../.xcode.env.updates\"\nfi\n# Source local changes to allow overrides\n# if needed\nif [[ -f \"$PODS_ROOT/../.xcode.env.local\" ]]; then\n  source \"$PODS_ROOT/../.xcode.env.local\"\nfi\n\n`\"$NODE_BINARY\" --print \"require('path').dirname(require.resolve('react-native/package.json')) + '/scripts/react-native-xcode.sh'\"`\n\n";
		};
		60A82EA3DD6B62636087E746 /* [CP] Embed Pods Frameworks */ = {
			isa = PBXShellScriptBuildPhase;
			buildActionMask = 2147483647;
			files = (
			);
			inputFileListPaths = (
				"${PODS_ROOT}/Target Support Files/Pods-zkpassportmobileapp/Pods-zkpassportmobileapp-frameworks-${CONFIGURATION}-input-files.xcfilelist",
			);
			name = "[CP] Embed Pods Frameworks";
			outputFileListPaths = (
				"${PODS_ROOT}/Target Support Files/Pods-zkpassportmobileapp/Pods-zkpassportmobileapp-frameworks-${CONFIGURATION}-output-files.xcfilelist",
			);
			runOnlyForDeploymentPostprocessing = 0;
			shellPath = /bin/sh;
			shellScript = "\"${PODS_ROOT}/Target Support Files/Pods-zkpassportmobileapp/Pods-zkpassportmobileapp-frameworks.sh\"\n";
			showEnvVarsInLog = 0;
		};
		8101B4856FEDCB890DE9A1F6 /* [CP] Check Pods Manifest.lock */ = {
			isa = PBXShellScriptBuildPhase;
			buildActionMask = 2147483647;
			files = (
			);
			inputFileListPaths = (
			);
			inputPaths = (
				"${PODS_PODFILE_DIR_PATH}/Podfile.lock",
				"${PODS_ROOT}/Manifest.lock",
			);
			name = "[CP] Check Pods Manifest.lock";
			outputFileListPaths = (
			);
			outputPaths = (
				"$(DERIVED_FILE_DIR)/Pods-zkpassportmobileapp-checkManifestLockResult.txt",
			);
			runOnlyForDeploymentPostprocessing = 0;
			shellPath = /bin/sh;
			shellScript = "diff \"${PODS_PODFILE_DIR_PATH}/Podfile.lock\" \"${PODS_ROOT}/Manifest.lock\" > /dev/null\nif [ $? != 0 ] ; then\n    # print error to STDERR\n    echo \"error: The sandbox is not in sync with the Podfile.lock. Run 'pod install' or update your CocoaPods installation.\" >&2\n    exit 1\nfi\n# This output is used by Xcode 'outputs' to avoid re-running this script phase.\necho \"SUCCESS\" > \"${SCRIPT_OUTPUT_FILE_0}\"\n";
			showEnvVarsInLog = 0;
		};
		960E43DA35E8C3A5D40F1110 /* [CP] Copy Pods Resources */ = {
			isa = PBXShellScriptBuildPhase;
			buildActionMask = 2147483647;
			files = (
			);
			inputFileListPaths = (
				"${PODS_ROOT}/Target Support Files/Pods-zkpassportmobileapp/Pods-zkpassportmobileapp-resources-${CONFIGURATION}-input-files.xcfilelist",
			);
			name = "[CP] Copy Pods Resources";
			outputFileListPaths = (
				"${PODS_ROOT}/Target Support Files/Pods-zkpassportmobileapp/Pods-zkpassportmobileapp-resources-${CONFIGURATION}-output-files.xcfilelist",
			);
			runOnlyForDeploymentPostprocessing = 0;
			shellPath = /bin/sh;
			shellScript = "\"${PODS_ROOT}/Target Support Files/Pods-zkpassportmobileapp/Pods-zkpassportmobileapp-resources.sh\"\n";
			showEnvVarsInLog = 0;
		};
		F49D87948D48A7817E569C0A /* [Expo] Configure project */ = {
			isa = PBXShellScriptBuildPhase;
			alwaysOutOfDate = 1;
			buildActionMask = 2147483647;
			files = (
			);
			inputFileListPaths = (
			);
			inputPaths = (
			);
			name = "[Expo] Configure project";
			outputFileListPaths = (
			);
			outputPaths = (
			);
			runOnlyForDeploymentPostprocessing = 0;
			shellPath = /bin/sh;
			shellScript = "# This script configures Expo modules and generates the modules provider file.\nbash -l -c \"./Pods/Target\\ Support\\ Files/Pods-zkpassportmobileapp/expo-configure-project.sh\"\n";
		};
/* End PBXShellScriptBuildPhase section */

/* Begin PBXSourcesBuildPhase section */
		13B07F871A680F5B00A75B9A /* Sources */ = {
			isa = PBXSourcesBuildPhase;
			buildActionMask = 2147483647;
			files = (
				C2197D3F2CC6A79F00EFB12F /* MrzScannerModule.swift in Sources */,
				C2197D402CC6A79F00EFB12F /* MrzScannerModule.m in Sources */,
				C2197D432CC79A7E00EFB12F /* NoirModule.swift in Sources */,
				C2197D442CC79A7E00EFB12F /* NoirModule.m in Sources */,
				C2197D362CC6A53D00EFB12F /* VisionViewController.swift in Sources */,
				C2197D372CC6A53D00EFB12F /* StringUtils.swift in Sources */,
				C2B225632ED6656800E42615 /* ImagePreprocessor.swift in Sources */,
				C2B225642ED6656800E42615 /* TesseractOCREngine.swift in Sources */,
				C2B225652ED6656800E42615 /* MRZChecksumValidator.swift in Sources */,
				C2B225662ED6656800E42615 /* CharacterConfusionMatrix.swift in Sources */,
				C2B225672ED6656800E42615 /* EnhancedMRZProcessor.swift in Sources */,
				C2B225682ED6656800E42615 /* MRZScanConfig.swift in Sources */,
				C2B2256A2ED6656900E42615 /* MRZTextOverlayView.swift in Sources */,
				C2B225692ED6656800E42615 /* MultiFrameAggregator.swift in Sources */,
				C2197D382CC6A53D00EFB12F /* ViewController.swift in Sources */,
				C2197D3A2CC6A53D00EFB12F /* PreviewView.swift in Sources */,
				C23EBB462E5C5B490027E80F /* AppDelegate.swift in Sources */,
				C2F3C99B2D4A95EC00BF231B /* NativeOperationsModule.m in Sources */,
				C2F3C99D2D4A95EC00BF231B /* IMT.swift in Sources */,
				C2F3C99E2D4A95EC00BF231B /* NativeOperationsModule.swift in Sources */,
				C2F3C99F2D4A95EC00BF231B /* Poseidon2.swift in Sources */,
				B18059E884C0ABDD17F3DC3D /* ExpoModulesProvider.swift in Sources */,
				0EE5968FAA5A4C76BE23437F /* noop-file.swift in Sources */,
				C27F91662CC8EE07000239D1 /* PassportReaderModule.m in Sources */,
				C27F91672CC8EE07000239D1 /* PassportReaderModule.swift in Sources */,
				C24EA6732EE392B700873EBC /* OpenCVWrapper.mm in Sources */,
			);
			runOnlyForDeploymentPostprocessing = 0;
		};
/* End PBXSourcesBuildPhase section */

/* Begin PBXVariantGroup section */
		C20297082F311A2A00638FC5 /* Localizable.strings */ = {
			isa = PBXVariantGroup;
			children = (
				C20297052F311A2A00638FC5 /* en */,
				C20297062F311A2A00638FC5 /* fr */,
				C20297072F311A2A00638FC5 /* pt */,
			);
			name = Localizable.strings;
			sourceTree = "<group>";
		};
/* End PBXVariantGroup section */

/* Begin XCBuildConfiguration section */
		13B07F941A680F5B00A75B9A /* Debug */ = {
			isa = XCBuildConfiguration;
			baseConfigurationReference = F52CFB2A46B5B6D7DA60FB9A /* Pods-zkpassportmobileapp.debug.xcconfig */;
			buildSettings = {
				ASSETCATALOG_COMPILER_APPICON_NAME = AppIcon;
				CLANG_ENABLE_MODULES = YES;
				CODE_SIGN_ENTITLEMENTS = zkpassportmobileapp/zkpassportmobileapp.entitlements;
				CODE_SIGN_IDENTITY = "Apple Development";
				CODE_SIGN_STYLE = Automatic;
				CURRENT_PROJECT_VERSION = 1;
				DEVELOPMENT_TEAM = YL5MS3Z639;
				ENABLE_BITCODE = NO;
				FRAMEWORK_SEARCH_PATHS = (
					"$(inherited)",
					"$(PROJECT_DIR)/Frameworks",
				);
				GCC_PREPROCESSOR_DEFINITIONS = (
					"$(inherited)",
					"FB_SONARKIT_ENABLED=1",
				);
				HEADER_SEARCH_PATHS = (
					"$(inherited)",
					"\"${PODS_CONFIGURATION_BUILD_DIR}/AppAttestModule/AppAttestModule.framework/Headers\"",
					"\"${PODS_CONFIGURATION_BUILD_DIR}/BVLinearGradient/BVLinearGradient.framework/Headers\"",
					"\"${PODS_CONFIGURATION_BUILD_DIR}/BigInt/BigInt.framework/Headers\"",
					"\"${PODS_CONFIGURATION_BUILD_DIR}/DoubleConversion/DoubleConversion.framework/Headers\"",
					"\"${PODS_CONFIGURATION_BUILD_DIR}/EXApplication/EXApplication.framework/Headers\"",
					"\"${PODS_CONFIGURATION_BUILD_DIR}/EXConstants/EXConstants.framework/Headers\"",
					"\"${PODS_CONFIGURATION_BUILD_DIR}/EXImageLoader/EXImageLoader.framework/Headers\"",
					"\"${PODS_CONFIGURATION_BUILD_DIR}/EXJSONUtils/EXJSONUtils.framework/Headers\"",
					"\"${PODS_CONFIGURATION_BUILD_DIR}/EXManifests/EXManifests.framework/Headers\"",
					"\"${PODS_CONFIGURATION_BUILD_DIR}/EXUpdatesInterface/EXUpdatesInterface.framework/Headers\"",
					"\"${PODS_CONFIGURATION_BUILD_DIR}/Expo/Expo.framework/Headers\"",
					"\"${PODS_CONFIGURATION_BUILD_DIR}/ExpoAsset/ExpoAsset.framework/Headers\"",
					"\"${PODS_CONFIGURATION_BUILD_DIR}/ExpoBlur/ExpoBlur.framework/Headers\"",
					"\"${PODS_CONFIGURATION_BUILD_DIR}/ExpoCamera/ExpoCamera.framework/Headers\"",
					"\"${PODS_CONFIGURATION_BUILD_DIR}/ExpoClipboard/ExpoClipboard.framework/Headers\"",
					"\"${PODS_CONFIGURATION_BUILD_DIR}/ExpoDevice/ExpoDevice.framework/Headers\"",
					"\"${PODS_CONFIGURATION_BUILD_DIR}/ExpoFileSystem/ExpoFileSystem.framework/Headers\"",
					"\"${PODS_CONFIGURATION_BUILD_DIR}/ExpoFont/ExpoFont.framework/Headers\"",
					"\"${PODS_CONFIGURATION_BUILD_DIR}/ExpoHaptics/ExpoHaptics.framework/Headers\"",
					"\"${PODS_CONFIGURATION_BUILD_DIR}/ExpoHead/ExpoHead.framework/Headers\"",
					"\"${PODS_CONFIGURATION_BUILD_DIR}/ExpoImageManipulator/ExpoImageManipulator.framework/Headers\"",
					"\"${PODS_CONFIGURATION_BUILD_DIR}/ExpoKeepAwake/ExpoKeepAwake.framework/Headers\"",
					"\"${PODS_CONFIGURATION_BUILD_DIR}/ExpoLinearGradient/ExpoLinearGradient.framework/Headers\"",
					"\"${PODS_CONFIGURATION_BUILD_DIR}/ExpoLinking/ExpoLinking.framework/Headers\"",
					"\"${PODS_CONFIGURATION_BUILD_DIR}/ExpoLocalAuthentication/ExpoLocalAuthentication.framework/Headers\"",
					"\"${PODS_CONFIGURATION_BUILD_DIR}/ExpoLocalization/ExpoLocalization.framework/Headers\"",
					"\"${PODS_CONFIGURATION_BUILD_DIR}/ExpoModulesCore/ExpoModulesCore.framework/Headers\"",
					"\"${PODS_CONFIGURATION_BUILD_DIR}/ExpoScreenCapture/ExpoScreenCapture.framework/Headers\"",
					"\"${PODS_CONFIGURATION_BUILD_DIR}/ExpoSecureStore/ExpoSecureStore.framework/Headers\"",
					"\"${PODS_CONFIGURATION_BUILD_DIR}/ExpoSplashScreen/ExpoSplashScreen.framework/Headers\"",
					"\"${PODS_CONFIGURATION_BUILD_DIR}/ExpoSystemUI/ExpoSystemUI.framework/Headers\"",
					"\"${PODS_CONFIGURATION_BUILD_DIR}/ExpoVideo/ExpoVideo.framework/Headers\"",
					"\"${PODS_CONFIGURATION_BUILD_DIR}/ExpoWebBrowser/ExpoWebBrowser.framework/Headers\"",
					"\"${PODS_CONFIGURATION_BUILD_DIR}/FaceMatch/FaceMatch.framework/Headers\"",
					"\"${PODS_CONFIGURATION_BUILD_DIR}/RCT-Folly/folly.framework/Headers\"",
					"\"${PODS_CONFIGURATION_BUILD_DIR}/RCTDeprecation/RCTDeprecation.framework/Headers\"",
					"\"${PODS_CONFIGURATION_BUILD_DIR}/RCTTypeSafety/RCTTypeSafety.framework/Headers\"",
					"\"${PODS_CONFIGURATION_BUILD_DIR}/RNCAsyncStorage/RNCAsyncStorage.framework/Headers\"",
					"\"${PODS_CONFIGURATION_BUILD_DIR}/RNFS/RNFS.framework/Headers\"",
					"\"${PODS_CONFIGURATION_BUILD_DIR}/RNKeychain/RNKeychain.framework/Headers\"",
					"\"${PODS_CONFIGURATION_BUILD_DIR}/RNSVG/RNSVG.framework/Headers\"",
					"\"${PODS_CONFIGURATION_BUILD_DIR}/RNScreens/RNScreens.framework/Headers\"",
					"\"${PODS_CONFIGURATION_BUILD_DIR}/React-Core/React.framework/Headers\"",
					"\"${PODS_CONFIGURATION_BUILD_DIR}/React-CoreModules/CoreModules.framework/Headers\"",
					"\"${PODS_CONFIGURATION_BUILD_DIR}/React-Fabric/React_Fabric.framework/Headers\"",
					"\"${PODS_CONFIGURATION_BUILD_DIR}/React-FabricComponents/React_FabricComponents.framework/Headers\"",
					"\"${PODS_CONFIGURATION_BUILD_DIR}/React-FabricImage/React_FabricImage.framework/Headers\"",
					"\"${PODS_CONFIGURATION_BUILD_DIR}/React-ImageManager/React_ImageManager.framework/Headers\"",
					"\"${PODS_CONFIGURATION_BUILD_DIR}/React-Mapbuffer/React_Mapbuffer.framework/Headers\"",
					"\"${PODS_CONFIGURATION_BUILD_DIR}/React-NativeModulesApple/React_NativeModulesApple.framework/Headers\"",
					"\"${PODS_CONFIGURATION_BUILD_DIR}/React-RCTAnimation/RCTAnimation.framework/Headers\"",
					"\"${PODS_CONFIGURATION_BUILD_DIR}/React-RCTAppDelegate/React_RCTAppDelegate.framework/Headers\"",
					"\"${PODS_CONFIGURATION_BUILD_DIR}/React-RCTBlob/RCTBlob.framework/Headers\"",
					"\"${PODS_CONFIGURATION_BUILD_DIR}/React-RCTFBReactNativeSpec/FBReactNativeSpec.framework/Headers\"",
					"\"${PODS_CONFIGURATION_BUILD_DIR}/React-RCTFabric/RCTFabric.framework/Headers\"",
					"\"${PODS_CONFIGURATION_BUILD_DIR}/React-RCTImage/RCTImage.framework/Headers\"",
					"\"${PODS_CONFIGURATION_BUILD_DIR}/React-RCTLinking/RCTLinking.framework/Headers\"",
					"\"${PODS_CONFIGURATION_BUILD_DIR}/React-RCTNetwork/RCTNetwork.framework/Headers\"",
					"\"${PODS_CONFIGURATION_BUILD_DIR}/React-RCTRuntime/RCTRuntime.framework/Headers\"",
					"\"${PODS_CONFIGURATION_BUILD_DIR}/React-RCTSettings/RCTSettings.framework/Headers\"",
					"\"${PODS_CONFIGURATION_BUILD_DIR}/React-RCTText/RCTText.framework/Headers\"",
					"\"${PODS_CONFIGURATION_BUILD_DIR}/React-RCTVibration/RCTVibration.framework/Headers\"",
					"\"${PODS_CONFIGURATION_BUILD_DIR}/React-RuntimeApple/React_RuntimeApple.framework/Headers\"",
					"\"${PODS_CONFIGURATION_BUILD_DIR}/React-RuntimeCore/React_RuntimeCore.framework/Headers\"",
					"\"${PODS_CONFIGURATION_BUILD_DIR}/React-RuntimeHermes/React_RuntimeHermes.framework/Headers\"",
					"\"${PODS_CONFIGURATION_BUILD_DIR}/React-cxxreact/cxxreact.framework/Headers\"",
					"\"${PODS_CONFIGURATION_BUILD_DIR}/React-debug/React_debug.framework/Headers\"",
					"\"${PODS_CONFIGURATION_BUILD_DIR}/React-defaultsnativemodule/React_defaultsnativemodule.framework/Headers\"",
					"\"${PODS_CONFIGURATION_BUILD_DIR}/React-domnativemodule/React_domnativemodule.framework/Headers\"",
					"\"${PODS_CONFIGURATION_BUILD_DIR}/React-featureflags/React_featureflags.framework/Headers\"",
					"\"${PODS_CONFIGURATION_BUILD_DIR}/React-featureflagsnativemodule/React_featureflagsnativemodule.framework/Headers\"",
					"\"${PODS_CONFIGURATION_BUILD_DIR}/React-graphics/React_graphics.framework/Headers\"",
					"\"${PODS_CONFIGURATION_BUILD_DIR}/React-hermes/reacthermes.framework/Headers\"",
					"\"${PODS_CONFIGURATION_BUILD_DIR}/React-idlecallbacksnativemodule/idlecallbacksnativemodule.framework/Headers\"",
					"\"${PODS_CONFIGURATION_BUILD_DIR}/React-jserrorhandler/React_jserrorhandler.framework/Headers\"",
					"\"${PODS_CONFIGURATION_BUILD_DIR}/React-jsi/jsi.framework/Headers\"",
					"\"${PODS_CONFIGURATION_BUILD_DIR}/React-jsiexecutor/jsireact.framework/Headers\"",
					"\"${PODS_CONFIGURATION_BUILD_DIR}/React-jsinspector/jsinspector_modern.framework/Headers\"",
					"\"${PODS_CONFIGURATION_BUILD_DIR}/React-jsinspectortracing/jsinspector_moderntracing.framework/Headers\"",
					"\"${PODS_CONFIGURATION_BUILD_DIR}/React-jsitooling/JSITooling.framework/Headers\"",
					"\"${PODS_CONFIGURATION_BUILD_DIR}/React-logger/logger.framework/Headers\"",
					"\"${PODS_CONFIGURATION_BUILD_DIR}/React-microtasksnativemodule/React_microtasksnativemodule.framework/Headers\"",
					"\"${PODS_CONFIGURATION_BUILD_DIR}/React-oscompat/oscompat.framework/Headers\"",
					"\"${PODS_CONFIGURATION_BUILD_DIR}/React-perflogger/reactperflogger.framework/Headers\"",
					"\"${PODS_CONFIGURATION_BUILD_DIR}/React-performancetimeline/React_performancetimeline.framework/Headers\"",
					"\"${PODS_CONFIGURATION_BUILD_DIR}/React-rendererconsistency/React_rendererconsistency.framework/Headers\"",
					"\"${PODS_CONFIGURATION_BUILD_DIR}/React-renderercss/React_renderercss.framework/Headers\"",
					"\"${PODS_CONFIGURATION_BUILD_DIR}/React-rendererdebug/React_rendererdebug.framework/Headers\"",
					"\"${PODS_CONFIGURATION_BUILD_DIR}/React-runtimescheduler/React_runtimescheduler.framework/Headers\"",
					"\"${PODS_CONFIGURATION_BUILD_DIR}/React-utils/React_utils.framework/Headers\"",
					"\"${PODS_CONFIGURATION_BUILD_DIR}/ReactAppDependencyProvider/ReactAppDependencyProvider.framework/Headers\"",
					"\"${PODS_CONFIGURATION_BUILD_DIR}/ReactCodegen/ReactCodegen.framework/Headers\"",
					"\"${PODS_CONFIGURATION_BUILD_DIR}/ReactCommon/ReactCommon.framework/Headers\"",
					"\"${PODS_CONFIGURATION_BUILD_DIR}/ReactNativeExceptionHandler/ReactNativeExceptionHandler.framework/Headers\"",
					"\"${PODS_CONFIGURATION_BUILD_DIR}/SDWebImage/SDWebImage.framework/Headers\"",
					"\"${PODS_CONFIGURATION_BUILD_DIR}/SDWebImageWebPCoder/SDWebImageWebPCoder.framework/Headers\"",
					"\"${PODS_CONFIGURATION_BUILD_DIR}/SocketRocket/SocketRocket.framework/Headers\"",
					"\"${PODS_CONFIGURATION_BUILD_DIR}/VisionCamera/VisionCamera.framework/Headers\"",
					"\"${PODS_CONFIGURATION_BUILD_DIR}/Yoga/yoga.framework/Headers\"",
					"\"${PODS_CONFIGURATION_BUILD_DIR}/ZXingObjC/ZXingObjC.framework/Headers\"",
					"\"${PODS_CONFIGURATION_BUILD_DIR}/expo-dev-launcher/EXDevLauncher.framework/Headers\"",
					"\"${PODS_CONFIGURATION_BUILD_DIR}/expo-dev-menu-interface/EXDevMenuInterface.framework/Headers\"",
					"\"${PODS_CONFIGURATION_BUILD_DIR}/expo-dev-menu/EXDevMenu.framework/Headers\"",
					"\"${PODS_CONFIGURATION_BUILD_DIR}/fmt/fmt.framework/Headers\"",
					"\"${PODS_CONFIGURATION_BUILD_DIR}/glog/glog.framework/Headers\"",
					"\"${PODS_CONFIGURATION_BUILD_DIR}/libwebp/libwebp.framework/Headers\"",
					"\"${PODS_CONFIGURATION_BUILD_DIR}/lottie-ios/Lottie.framework/Headers\"",
					"\"${PODS_CONFIGURATION_BUILD_DIR}/lottie-react-native/lottie_react_native.framework/Headers\"",
					"\"${PODS_CONFIGURATION_BUILD_DIR}/react-native-get-random-values/react_native_get_random_values.framework/Headers\"",
					"\"${PODS_CONFIGURATION_BUILD_DIR}/react-native-passport-reader/react_native_passport_reader.framework/Headers\"",
					"\"${PODS_CONFIGURATION_BUILD_DIR}/react-native-restart/react_native_restart.framework/Headers\"",
					"\"${PODS_CONFIGURATION_BUILD_DIR}/react-native-safe-area-context/react_native_safe_area_context.framework/Headers\"",
					"\"${PODS_ROOT}/Headers/Public\"",
					"\"${PODS_ROOT}/Headers/Public/FBLazyVector\"",
					"\"${PODS_ROOT}/Headers/Public/RCTRequired\"",
					"\"${PODS_ROOT}/Headers/Public/React-callinvoker\"",
					"\"${PODS_ROOT}/Headers/Public/React-runtimeexecutor\"",
					"\"${PODS_ROOT}/Headers/Public/React-timing\"",
					"\"${PODS_ROOT}/Headers/Public/boost\"",
					"\"${PODS_ROOT}/Headers/Public/fast_float\"",
					"\"${PODS_ROOT}/Headers/Public/hermes-engine\"",
					"\"$(PODS_ROOT)/DoubleConversion\"",
					"\"${PODS_CONFIGURATION_BUILD_DIR}/EXManifests/Swift Compatibility Header\"",
					"\"${PODS_CONFIGURATION_BUILD_DIR}/EXUpdatesInterface/Swift Compatibility Header\"",
					"\"${PODS_CONFIGURATION_BUILD_DIR}/Expo/Swift Compatibility Header\"",
					"\"$(PODS_ROOT)/Headers/Private/Yoga\"",
					"\"${PODS_CONFIGURATION_BUILD_DIR}/ExpoModulesCore/Swift Compatibility Header\"",
					"\"$(PODS_ROOT)/Headers/Private/Yoga\"",
					"\"$(PODS_ROOT)/boost\"",
					"\"$(PODS_ROOT)/Headers/Private/React-Core\"",
					"\"$(PODS_ROOT)/Headers/Private/React-Core\"",
					"\"$(PODS_ROOT)/Headers/Private/Yoga\"",
					"\"${PODS_CONFIGURATION_BUILD_DIR}/expo-dev-launcher/Swift Compatibility Header\"",
					"\"${PODS_CONFIGURATION_BUILD_DIR}/expo-dev-menu/Swift Compatibility Header\"",
					"\"${PODS_CONFIGURATION_BUILD_DIR}/expo-dev-menu-interface/Swift Compatibility Header\"",
					"$(PROJECT_DIR)/Frameworks/opencv2.framework/Headers",
				);
				INFOPLIST_FILE = zkpassportmobileapp/Info.plist;
				INFOPLIST_KEY_CFBundleDisplayName = ZKPassport;
				INFOPLIST_KEY_LSApplicationCategoryType = "public.app-category.utilities";
				IPHONEOS_DEPLOYMENT_TARGET = 15.2;
				LD_RUNPATH_SEARCH_PATHS = (
					"$(inherited)",
					"@executable_path/Frameworks",
				);
				MARKETING_VERSION = 1.3.0;
				OTHER_LDFLAGS = (
					"$(inherited)",
					"-ObjC",
					"-lc++",
				);
				OTHER_SWIFT_FLAGS = "$(inherited) -D EXPO_CONFIGURATION_DEBUG";
				PRODUCT_BUNDLE_IDENTIFIER = app.zkpassport.zkpassport;
				PRODUCT_NAME = ZKPassport;
				PROVISIONING_PROFILE_SPECIFIER = "";
				SUPPORTED_PLATFORMS = "iphoneos iphonesimulator";
				SUPPORTS_MACCATALYST = NO;
				SUPPORTS_MAC_DESIGNED_FOR_IPHONE_IPAD = NO;
				SUPPORTS_XR_DESIGNED_FOR_IPHONE_IPAD = NO;
				SWIFT_OBJC_BRIDGING_HEADER = "zkpassportmobileapp/zkpassportmobileapp-Bridging-Header.h";
				SWIFT_OPTIMIZATION_LEVEL = "-Onone";
				SWIFT_VERSION = 5.0;
				TARGETED_DEVICE_FAMILY = 1;
				VERSIONING_SYSTEM = "apple-generic";
			};
			name = Debug;
		};
		13B07F951A680F5B00A75B9A /* Release */ = {
			isa = XCBuildConfiguration;
			baseConfigurationReference = 5707CE4AD9E5719F59916051 /* Pods-zkpassportmobileapp.release.xcconfig */;
			buildSettings = {
				ASSETCATALOG_COMPILER_APPICON_NAME = AppIcon;
				CLANG_ENABLE_MODULES = YES;
				CODE_SIGN_ENTITLEMENTS = zkpassportmobileapp/zkpassportmobileapp.entitlements;
				CODE_SIGN_IDENTITY = "Apple Development";
				CODE_SIGN_STYLE = Automatic;
				CURRENT_PROJECT_VERSION = 1;
				DEVELOPMENT_TEAM = YL5MS3Z639;
				FRAMEWORK_SEARCH_PATHS = (
					"$(inherited)",
					"$(PROJECT_DIR)/Frameworks",
				);
				HEADER_SEARCH_PATHS = (
					"$(inherited)",
					"\"${PODS_CONFIGURATION_BUILD_DIR}/AppAttestModule/AppAttestModule.framework/Headers\"",
					"\"${PODS_CONFIGURATION_BUILD_DIR}/BVLinearGradient/BVLinearGradient.framework/Headers\"",
					"\"${PODS_CONFIGURATION_BUILD_DIR}/BigInt/BigInt.framework/Headers\"",
					"\"${PODS_CONFIGURATION_BUILD_DIR}/DoubleConversion/DoubleConversion.framework/Headers\"",
					"\"${PODS_CONFIGURATION_BUILD_DIR}/EXApplication/EXApplication.framework/Headers\"",
					"\"${PODS_CONFIGURATION_BUILD_DIR}/EXConstants/EXConstants.framework/Headers\"",
					"\"${PODS_CONFIGURATION_BUILD_DIR}/EXImageLoader/EXImageLoader.framework/Headers\"",
					"\"${PODS_CONFIGURATION_BUILD_DIR}/EXJSONUtils/EXJSONUtils.framework/Headers\"",
					"\"${PODS_CONFIGURATION_BUILD_DIR}/EXManifests/EXManifests.framework/Headers\"",
					"\"${PODS_CONFIGURATION_BUILD_DIR}/EXUpdatesInterface/EXUpdatesInterface.framework/Headers\"",
					"\"${PODS_CONFIGURATION_BUILD_DIR}/Expo/Expo.framework/Headers\"",
					"\"${PODS_CONFIGURATION_BUILD_DIR}/ExpoAsset/ExpoAsset.framework/Headers\"",
					"\"${PODS_CONFIGURATION_BUILD_DIR}/ExpoBlur/ExpoBlur.framework/Headers\"",
					"\"${PODS_CONFIGURATION_BUILD_DIR}/ExpoCamera/ExpoCamera.framework/Headers\"",
					"\"${PODS_CONFIGURATION_BUILD_DIR}/ExpoClipboard/ExpoClipboard.framework/Headers\"",
					"\"${PODS_CONFIGURATION_BUILD_DIR}/ExpoDevice/ExpoDevice.framework/Headers\"",
					"\"${PODS_CONFIGURATION_BUILD_DIR}/ExpoFileSystem/ExpoFileSystem.framework/Headers\"",
					"\"${PODS_CONFIGURATION_BUILD_DIR}/ExpoFont/ExpoFont.framework/Headers\"",
					"\"${PODS_CONFIGURATION_BUILD_DIR}/ExpoHaptics/ExpoHaptics.framework/Headers\"",
					"\"${PODS_CONFIGURATION_BUILD_DIR}/ExpoHead/ExpoHead.framework/Headers\"",
					"\"${PODS_CONFIGURATION_BUILD_DIR}/ExpoImageManipulator/ExpoImageManipulator.framework/Headers\"",
					"\"${PODS_CONFIGURATION_BUILD_DIR}/ExpoKeepAwake/ExpoKeepAwake.framework/Headers\"",
					"\"${PODS_CONFIGURATION_BUILD_DIR}/ExpoLinearGradient/ExpoLinearGradient.framework/Headers\"",
					"\"${PODS_CONFIGURATION_BUILD_DIR}/ExpoLinking/ExpoLinking.framework/Headers\"",
					"\"${PODS_CONFIGURATION_BUILD_DIR}/ExpoLocalAuthentication/ExpoLocalAuthentication.framework/Headers\"",
					"\"${PODS_CONFIGURATION_BUILD_DIR}/ExpoLocalization/ExpoLocalization.framework/Headers\"",
					"\"${PODS_CONFIGURATION_BUILD_DIR}/ExpoModulesCore/ExpoModulesCore.framework/Headers\"",
					"\"${PODS_CONFIGURATION_BUILD_DIR}/ExpoScreenCapture/ExpoScreenCapture.framework/Headers\"",
					"\"${PODS_CONFIGURATION_BUILD_DIR}/ExpoSecureStore/ExpoSecureStore.framework/Headers\"",
					"\"${PODS_CONFIGURATION_BUILD_DIR}/ExpoSplashScreen/ExpoSplashScreen.framework/Headers\"",
					"\"${PODS_CONFIGURATION_BUILD_DIR}/ExpoSystemUI/ExpoSystemUI.framework/Headers\"",
					"\"${PODS_CONFIGURATION_BUILD_DIR}/ExpoVideo/ExpoVideo.framework/Headers\"",
					"\"${PODS_CONFIGURATION_BUILD_DIR}/ExpoWebBrowser/ExpoWebBrowser.framework/Headers\"",
					"\"${PODS_CONFIGURATION_BUILD_DIR}/FaceMatch/FaceMatch.framework/Headers\"",
					"\"${PODS_CONFIGURATION_BUILD_DIR}/RCT-Folly/folly.framework/Headers\"",
					"\"${PODS_CONFIGURATION_BUILD_DIR}/RCTDeprecation/RCTDeprecation.framework/Headers\"",
					"\"${PODS_CONFIGURATION_BUILD_DIR}/RCTTypeSafety/RCTTypeSafety.framework/Headers\"",
					"\"${PODS_CONFIGURATION_BUILD_DIR}/RNCAsyncStorage/RNCAsyncStorage.framework/Headers\"",
					"\"${PODS_CONFIGURATION_BUILD_DIR}/RNFS/RNFS.framework/Headers\"",
					"\"${PODS_CONFIGURATION_BUILD_DIR}/RNKeychain/RNKeychain.framework/Headers\"",
					"\"${PODS_CONFIGURATION_BUILD_DIR}/RNSVG/RNSVG.framework/Headers\"",
					"\"${PODS_CONFIGURATION_BUILD_DIR}/RNScreens/RNScreens.framework/Headers\"",
					"\"${PODS_CONFIGURATION_BUILD_DIR}/React-Core/React.framework/Headers\"",
					"\"${PODS_CONFIGURATION_BUILD_DIR}/React-CoreModules/CoreModules.framework/Headers\"",
					"\"${PODS_CONFIGURATION_BUILD_DIR}/React-Fabric/React_Fabric.framework/Headers\"",
					"\"${PODS_CONFIGURATION_BUILD_DIR}/React-FabricComponents/React_FabricComponents.framework/Headers\"",
					"\"${PODS_CONFIGURATION_BUILD_DIR}/React-FabricImage/React_FabricImage.framework/Headers\"",
					"\"${PODS_CONFIGURATION_BUILD_DIR}/React-ImageManager/React_ImageManager.framework/Headers\"",
					"\"${PODS_CONFIGURATION_BUILD_DIR}/React-Mapbuffer/React_Mapbuffer.framework/Headers\"",
					"\"${PODS_CONFIGURATION_BUILD_DIR}/React-NativeModulesApple/React_NativeModulesApple.framework/Headers\"",
					"\"${PODS_CONFIGURATION_BUILD_DIR}/React-RCTAnimation/RCTAnimation.framework/Headers\"",
					"\"${PODS_CONFIGURATION_BUILD_DIR}/React-RCTAppDelegate/React_RCTAppDelegate.framework/Headers\"",
					"\"${PODS_CONFIGURATION_BUILD_DIR}/React-RCTBlob/RCTBlob.framework/Headers\"",
					"\"${PODS_CONFIGURATION_BUILD_DIR}/React-RCTFBReactNativeSpec/FBReactNativeSpec.framework/Headers\"",
					"\"${PODS_CONFIGURATION_BUILD_DIR}/React-RCTFabric/RCTFabric.framework/Headers\"",
					"\"${PODS_CONFIGURATION_BUILD_DIR}/React-RCTImage/RCTImage.framework/Headers\"",
					"\"${PODS_CONFIGURATION_BUILD_DIR}/React-RCTLinking/RCTLinking.framework/Headers\"",
					"\"${PODS_CONFIGURATION_BUILD_DIR}/React-RCTNetwork/RCTNetwork.framework/Headers\"",
					"\"${PODS_CONFIGURATION_BUILD_DIR}/React-RCTRuntime/RCTRuntime.framework/Headers\"",
					"\"${PODS_CONFIGURATION_BUILD_DIR}/React-RCTSettings/RCTSettings.framework/Headers\"",
					"\"${PODS_CONFIGURATION_BUILD_DIR}/React-RCTText/RCTText.framework/Headers\"",
					"\"${PODS_CONFIGURATION_BUILD_DIR}/React-RCTVibration/RCTVibration.framework/Headers\"",
					"\"${PODS_CONFIGURATION_BUILD_DIR}/React-RuntimeApple/React_RuntimeApple.framework/Headers\"",
					"\"${PODS_CONFIGURATION_BUILD_DIR}/React-RuntimeCore/React_RuntimeCore.framework/Headers\"",
					"\"${PODS_CONFIGURATION_BUILD_DIR}/React-RuntimeHermes/React_RuntimeHermes.framework/Headers\"",
					"\"${PODS_CONFIGURATION_BUILD_DIR}/React-cxxreact/cxxreact.framework/Headers\"",
					"\"${PODS_CONFIGURATION_BUILD_DIR}/React-debug/React_debug.framework/Headers\"",
					"\"${PODS_CONFIGURATION_BUILD_DIR}/React-defaultsnativemodule/React_defaultsnativemodule.framework/Headers\"",
					"\"${PODS_CONFIGURATION_BUILD_DIR}/React-domnativemodule/React_domnativemodule.framework/Headers\"",
					"\"${PODS_CONFIGURATION_BUILD_DIR}/React-featureflags/React_featureflags.framework/Headers\"",
					"\"${PODS_CONFIGURATION_BUILD_DIR}/React-featureflagsnativemodule/React_featureflagsnativemodule.framework/Headers\"",
					"\"${PODS_CONFIGURATION_BUILD_DIR}/React-graphics/React_graphics.framework/Headers\"",
					"\"${PODS_CONFIGURATION_BUILD_DIR}/React-hermes/reacthermes.framework/Headers\"",
					"\"${PODS_CONFIGURATION_BUILD_DIR}/React-idlecallbacksnativemodule/idlecallbacksnativemodule.framework/Headers\"",
					"\"${PODS_CONFIGURATION_BUILD_DIR}/React-jserrorhandler/React_jserrorhandler.framework/Headers\"",
					"\"${PODS_CONFIGURATION_BUILD_DIR}/React-jsi/jsi.framework/Headers\"",
					"\"${PODS_CONFIGURATION_BUILD_DIR}/React-jsiexecutor/jsireact.framework/Headers\"",
					"\"${PODS_CONFIGURATION_BUILD_DIR}/React-jsinspector/jsinspector_modern.framework/Headers\"",
					"\"${PODS_CONFIGURATION_BUILD_DIR}/React-jsinspectortracing/jsinspector_moderntracing.framework/Headers\"",
					"\"${PODS_CONFIGURATION_BUILD_DIR}/React-jsitooling/JSITooling.framework/Headers\"",
					"\"${PODS_CONFIGURATION_BUILD_DIR}/React-logger/logger.framework/Headers\"",
					"\"${PODS_CONFIGURATION_BUILD_DIR}/React-microtasksnativemodule/React_microtasksnativemodule.framework/Headers\"",
					"\"${PODS_CONFIGURATION_BUILD_DIR}/React-oscompat/oscompat.framework/Headers\"",
					"\"${PODS_CONFIGURATION_BUILD_DIR}/React-perflogger/reactperflogger.framework/Headers\"",
					"\"${PODS_CONFIGURATION_BUILD_DIR}/React-performancetimeline/React_performancetimeline.framework/Headers\"",
					"\"${PODS_CONFIGURATION_BUILD_DIR}/React-rendererconsistency/React_rendererconsistency.framework/Headers\"",
					"\"${PODS_CONFIGURATION_BUILD_DIR}/React-renderercss/React_renderercss.framework/Headers\"",
					"\"${PODS_CONFIGURATION_BUILD_DIR}/React-rendererdebug/React_rendererdebug.framework/Headers\"",
					"\"${PODS_CONFIGURATION_BUILD_DIR}/React-runtimescheduler/React_runtimescheduler.framework/Headers\"",
					"\"${PODS_CONFIGURATION_BUILD_DIR}/React-utils/React_utils.framework/Headers\"",
					"\"${PODS_CONFIGURATION_BUILD_DIR}/ReactAppDependencyProvider/ReactAppDependencyProvider.framework/Headers\"",
					"\"${PODS_CONFIGURATION_BUILD_DIR}/ReactCodegen/ReactCodegen.framework/Headers\"",
					"\"${PODS_CONFIGURATION_BUILD_DIR}/ReactCommon/ReactCommon.framework/Headers\"",
					"\"${PODS_CONFIGURATION_BUILD_DIR}/ReactNativeExceptionHandler/ReactNativeExceptionHandler.framework/Headers\"",
					"\"${PODS_CONFIGURATION_BUILD_DIR}/SDWebImage/SDWebImage.framework/Headers\"",
					"\"${PODS_CONFIGURATION_BUILD_DIR}/SDWebImageWebPCoder/SDWebImageWebPCoder.framework/Headers\"",
					"\"${PODS_CONFIGURATION_BUILD_DIR}/SocketRocket/SocketRocket.framework/Headers\"",
					"\"${PODS_CONFIGURATION_BUILD_DIR}/VisionCamera/VisionCamera.framework/Headers\"",
					"\"${PODS_CONFIGURATION_BUILD_DIR}/Yoga/yoga.framework/Headers\"",
					"\"${PODS_CONFIGURATION_BUILD_DIR}/ZXingObjC/ZXingObjC.framework/Headers\"",
					"\"${PODS_CONFIGURATION_BUILD_DIR}/expo-dev-menu-interface/EXDevMenuInterface.framework/Headers\"",
					"\"${PODS_CONFIGURATION_BUILD_DIR}/fmt/fmt.framework/Headers\"",
					"\"${PODS_CONFIGURATION_BUILD_DIR}/glog/glog.framework/Headers\"",
					"\"${PODS_CONFIGURATION_BUILD_DIR}/libwebp/libwebp.framework/Headers\"",
					"\"${PODS_CONFIGURATION_BUILD_DIR}/lottie-ios/Lottie.framework/Headers\"",
					"\"${PODS_CONFIGURATION_BUILD_DIR}/lottie-react-native/lottie_react_native.framework/Headers\"",
					"\"${PODS_CONFIGURATION_BUILD_DIR}/react-native-get-random-values/react_native_get_random_values.framework/Headers\"",
					"\"${PODS_CONFIGURATION_BUILD_DIR}/react-native-passport-reader/react_native_passport_reader.framework/Headers\"",
					"\"${PODS_CONFIGURATION_BUILD_DIR}/react-native-restart/react_native_restart.framework/Headers\"",
					"\"${PODS_CONFIGURATION_BUILD_DIR}/react-native-safe-area-context/react_native_safe_area_context.framework/Headers\"",
					"\"${PODS_ROOT}/Headers/Public\"",
					"\"${PODS_ROOT}/Headers/Public/FBLazyVector\"",
					"\"${PODS_ROOT}/Headers/Public/RCTRequired\"",
					"\"${PODS_ROOT}/Headers/Public/React-callinvoker\"",
					"\"${PODS_ROOT}/Headers/Public/React-runtimeexecutor\"",
					"\"${PODS_ROOT}/Headers/Public/React-timing\"",
					"\"${PODS_ROOT}/Headers/Public/boost\"",
					"\"${PODS_ROOT}/Headers/Public/fast_float\"",
					"\"${PODS_ROOT}/Headers/Public/hermes-engine\"",
					"\"$(PODS_ROOT)/DoubleConversion\"",
					"\"${PODS_CONFIGURATION_BUILD_DIR}/EXManifests/Swift Compatibility Header\"",
					"\"${PODS_CONFIGURATION_BUILD_DIR}/EXUpdatesInterface/Swift Compatibility Header\"",
					"\"${PODS_CONFIGURATION_BUILD_DIR}/Expo/Swift Compatibility Header\"",
					"\"$(PODS_ROOT)/Headers/Private/Yoga\"",
					"\"${PODS_CONFIGURATION_BUILD_DIR}/ExpoModulesCore/Swift Compatibility Header\"",
					"\"$(PODS_ROOT)/Headers/Private/Yoga\"",
					"\"$(PODS_ROOT)/boost\"",
					"\"$(PODS_ROOT)/Headers/Private/React-Core\"",
					"\"$(PODS_ROOT)/Headers/Private/React-Core\"",
					"\"$(PODS_ROOT)/Headers/Private/Yoga\"",
					"\"${PODS_CONFIGURATION_BUILD_DIR}/expo-dev-menu-interface/Swift Compatibility Header\"",
					"$(PROJECT_DIR)/Frameworks/opencv2.framework/Headers",
				);
				INFOPLIST_FILE = zkpassportmobileapp/Info.plist;
				INFOPLIST_KEY_CFBundleDisplayName = ZKPassport;
				INFOPLIST_KEY_LSApplicationCategoryType = "public.app-category.utilities";
				IPHONEOS_DEPLOYMENT_TARGET = 15.2;
				LD_RUNPATH_SEARCH_PATHS = (
					"$(inherited)",
					"@executable_path/Frameworks",
				);
				MARKETING_VERSION = 1.3.0;
				OTHER_LDFLAGS = (
					"$(inherited)",
					"-ObjC",
					"-lc++",
				);
				OTHER_SWIFT_FLAGS = "$(inherited) -D EXPO_CONFIGURATION_RELEASE";
				PRODUCT_BUNDLE_IDENTIFIER = app.zkpassport.zkpassport;
				PRODUCT_NAME = ZKPassport;
				PROVISIONING_PROFILE_SPECIFIER = "";
				SUPPORTED_PLATFORMS = "iphoneos iphonesimulator";
				SUPPORTS_MACCATALYST = NO;
				SUPPORTS_MAC_DESIGNED_FOR_IPHONE_IPAD = NO;
				SUPPORTS_XR_DESIGNED_FOR_IPHONE_IPAD = NO;
				SWIFT_OBJC_BRIDGING_HEADER = "zkpassportmobileapp/zkpassportmobileapp-Bridging-Header.h";
				SWIFT_VERSION = 5.0;
				TARGETED_DEVICE_FAMILY = 1;
				VERSIONING_SYSTEM = "apple-generic";
			};
			name = Release;
		};
		83CBBA201A601CBA00E9B192 /* Debug */ = {
			isa = XCBuildConfiguration;
			buildSettings = {
				ALWAYS_SEARCH_USER_PATHS = NO;
				CC = "";
				CLANG_ANALYZER_LOCALIZABILITY_NONLOCALIZED = YES;
				CLANG_CXX_LANGUAGE_STANDARD = "c++20";
				CLANG_CXX_LIBRARY = "libc++";
				CLANG_ENABLE_MODULES = YES;
				CLANG_ENABLE_OBJC_ARC = YES;
				CLANG_WARN_BLOCK_CAPTURE_AUTORELEASING = YES;
				CLANG_WARN_BOOL_CONVERSION = YES;
				CLANG_WARN_COMMA = YES;
				CLANG_WARN_CONSTANT_CONVERSION = YES;
				CLANG_WARN_DEPRECATED_OBJC_IMPLEMENTATIONS = YES;
				CLANG_WARN_DIRECT_OBJC_ISA_USAGE = YES_ERROR;
				CLANG_WARN_EMPTY_BODY = YES;
				CLANG_WARN_ENUM_CONVERSION = YES;
				CLANG_WARN_INFINITE_RECURSION = YES;
				CLANG_WARN_INT_CONVERSION = YES;
				CLANG_WARN_NON_LITERAL_NULL_CONVERSION = YES;
				CLANG_WARN_OBJC_IMPLICIT_RETAIN_SELF = YES;
				CLANG_WARN_OBJC_LITERAL_CONVERSION = YES;
				CLANG_WARN_OBJC_ROOT_CLASS = YES_ERROR;
				CLANG_WARN_RANGE_LOOP_ANALYSIS = YES;
				CLANG_WARN_STRICT_PROTOTYPES = YES;
				CLANG_WARN_SUSPICIOUS_MOVE = YES;
				CLANG_WARN_UNREACHABLE_CODE = YES;
				CLANG_WARN__DUPLICATE_METHOD_MATCH = YES;
				"CODE_SIGN_IDENTITY[sdk=iphoneos*]" = "iPhone Developer";
				COPY_PHASE_STRIP = NO;
				CXX = "";
				ENABLE_STRICT_OBJC_MSGSEND = YES;
				ENABLE_TESTABILITY = YES;
				GCC_C_LANGUAGE_STANDARD = gnu99;
				GCC_DYNAMIC_NO_PIC = NO;
				GCC_NO_COMMON_BLOCKS = YES;
				GCC_OPTIMIZATION_LEVEL = 0;
				GCC_PREPROCESSOR_DEFINITIONS = (
					"DEBUG=1",
					"$(inherited)",
				);
				GCC_SYMBOLS_PRIVATE_EXTERN = NO;
				GCC_WARN_64_TO_32_BIT_CONVERSION = YES;
				GCC_WARN_ABOUT_RETURN_TYPE = YES_ERROR;
				GCC_WARN_UNDECLARED_SELECTOR = YES;
				GCC_WARN_UNINITIALIZED_AUTOS = YES_AGGRESSIVE;
				GCC_WARN_UNUSED_FUNCTION = YES;
				GCC_WARN_UNUSED_VARIABLE = YES;
				HEADER_SEARCH_PATHS = (
					"$(inherited)",
					"${PODS_CONFIGURATION_BUILD_DIR}/ReactCommon/ReactCommon.framework/Headers",
					"${PODS_CONFIGURATION_BUILD_DIR}/ReactCommon/ReactCommon.framework/Headers/react/nativemodule/core",
					"${PODS_CONFIGURATION_BUILD_DIR}/ReactCommon-Samples/ReactCommon_Samples.framework/Headers",
					"${PODS_CONFIGURATION_BUILD_DIR}/ReactCommon-Samples/ReactCommon_Samples.framework/Headers/platform/ios",
					"${PODS_CONFIGURATION_BUILD_DIR}/React-Fabric/React_Fabric.framework/Headers/react/renderer/components/view/platform/cxx",
					"${PODS_CONFIGURATION_BUILD_DIR}/React-NativeModulesApple/React_NativeModulesApple.framework/Headers",
					"${PODS_CONFIGURATION_BUILD_DIR}/React-graphics/React_graphics.framework/Headers",
					"${PODS_CONFIGURATION_BUILD_DIR}/React-graphics/React_graphics.framework/Headers/react/renderer/graphics/platform/ios",
				);
				IPHONEOS_DEPLOYMENT_TARGET = 13.4;
				LD = "";
				LDPLUSPLUS = "";
				LD_RUNPATH_SEARCH_PATHS = (
					/usr/lib/swift,
					"$(inherited)",
				);
				LIBRARY_SEARCH_PATHS = "$(SDKROOT)/usr/lib/swift\"$(inherited)\"";
				MTL_ENABLE_DEBUG_INFO = YES;
				ONLY_ACTIVE_ARCH = YES;
				OTHER_LDFLAGS = (
					"$(inherited)",
					" ",
				);
				REACT_NATIVE_PATH = "${PODS_ROOT}/../../node_modules/react-native";
				SDKROOT = iphoneos;
				SWIFT_ACTIVE_COMPILATION_CONDITIONS = "$(inherited) DEBUG";
				USE_HERMES = true;
			};
			name = Debug;
		};
		83CBBA211A601CBA00E9B192 /* Release */ = {
			isa = XCBuildConfiguration;
			buildSettings = {
				ALWAYS_SEARCH_USER_PATHS = NO;
				CC = "";
				CLANG_ANALYZER_LOCALIZABILITY_NONLOCALIZED = YES;
				CLANG_CXX_LANGUAGE_STANDARD = "c++20";
				CLANG_CXX_LIBRARY = "libc++";
				CLANG_ENABLE_MODULES = YES;
				CLANG_ENABLE_OBJC_ARC = YES;
				CLANG_WARN_BLOCK_CAPTURE_AUTORELEASING = YES;
				CLANG_WARN_BOOL_CONVERSION = YES;
				CLANG_WARN_COMMA = YES;
				CLANG_WARN_CONSTANT_CONVERSION = YES;
				CLANG_WARN_DEPRECATED_OBJC_IMPLEMENTATIONS = YES;
				CLANG_WARN_DIRECT_OBJC_ISA_USAGE = YES_ERROR;
				CLANG_WARN_EMPTY_BODY = YES;
				CLANG_WARN_ENUM_CONVERSION = YES;
				CLANG_WARN_INFINITE_RECURSION = YES;
				CLANG_WARN_INT_CONVERSION = YES;
				CLANG_WARN_NON_LITERAL_NULL_CONVERSION = YES;
				CLANG_WARN_OBJC_IMPLICIT_RETAIN_SELF = YES;
				CLANG_WARN_OBJC_LITERAL_CONVERSION = YES;
				CLANG_WARN_OBJC_ROOT_CLASS = YES_ERROR;
				CLANG_WARN_RANGE_LOOP_ANALYSIS = YES;
				CLANG_WARN_STRICT_PROTOTYPES = YES;
				CLANG_WARN_SUSPICIOUS_MOVE = YES;
				CLANG_WARN_UNREACHABLE_CODE = YES;
				CLANG_WARN__DUPLICATE_METHOD_MATCH = YES;
				"CODE_SIGN_IDENTITY[sdk=iphoneos*]" = "iPhone Developer";
				COPY_PHASE_STRIP = YES;
				CXX = "";
				ENABLE_NS_ASSERTIONS = NO;
				ENABLE_STRICT_OBJC_MSGSEND = YES;
				GCC_C_LANGUAGE_STANDARD = gnu99;
				GCC_NO_COMMON_BLOCKS = YES;
				GCC_WARN_64_TO_32_BIT_CONVERSION = YES;
				GCC_WARN_ABOUT_RETURN_TYPE = YES_ERROR;
				GCC_WARN_UNDECLARED_SELECTOR = YES;
				GCC_WARN_UNINITIALIZED_AUTOS = YES_AGGRESSIVE;
				GCC_WARN_UNUSED_FUNCTION = YES;
				GCC_WARN_UNUSED_VARIABLE = YES;
				HEADER_SEARCH_PATHS = (
					"$(inherited)",
					"${PODS_CONFIGURATION_BUILD_DIR}/ReactCommon/ReactCommon.framework/Headers",
					"${PODS_CONFIGURATION_BUILD_DIR}/ReactCommon/ReactCommon.framework/Headers/react/nativemodule/core",
					"${PODS_CONFIGURATION_BUILD_DIR}/ReactCommon-Samples/ReactCommon_Samples.framework/Headers",
					"${PODS_CONFIGURATION_BUILD_DIR}/ReactCommon-Samples/ReactCommon_Samples.framework/Headers/platform/ios",
					"${PODS_CONFIGURATION_BUILD_DIR}/React-Fabric/React_Fabric.framework/Headers/react/renderer/components/view/platform/cxx",
					"${PODS_CONFIGURATION_BUILD_DIR}/React-NativeModulesApple/React_NativeModulesApple.framework/Headers",
					"${PODS_CONFIGURATION_BUILD_DIR}/React-graphics/React_graphics.framework/Headers",
					"${PODS_CONFIGURATION_BUILD_DIR}/React-graphics/React_graphics.framework/Headers/react/renderer/graphics/platform/ios",
				);
				IPHONEOS_DEPLOYMENT_TARGET = 13.4;
				LD = "";
				LDPLUSPLUS = "";
				LD_RUNPATH_SEARCH_PATHS = (
					/usr/lib/swift,
					"$(inherited)",
				);
				LIBRARY_SEARCH_PATHS = "$(SDKROOT)/usr/lib/swift\"$(inherited)\"";
				MTL_ENABLE_DEBUG_INFO = NO;
				OTHER_LDFLAGS = (
					"$(inherited)",
					" ",
				);
				REACT_NATIVE_PATH = "${PODS_ROOT}/../../node_modules/react-native";
				SDKROOT = iphoneos;
				USE_HERMES = true;
				VALIDATE_PRODUCT = YES;
			};
			name = Release;
		};
/* End XCBuildConfiguration section */

/* Begin XCConfigurationList section */
		13B07F931A680F5B00A75B9A /* Build configuration list for PBXNativeTarget "zkpassportmobileapp" */ = {
			isa = XCConfigurationList;
			buildConfigurations = (
				13B07F941A680F5B00A75B9A /* Debug */,
				13B07F951A680F5B00A75B9A /* Release */,
			);
			defaultConfigurationIsVisible = 0;
			defaultConfigurationName = Release;
		};
		83CBB9FA1A601CBA00E9B192 /* Build configuration list for PBXProject "zkpassportmobileapp" */ = {
			isa = XCConfigurationList;
			buildConfigurations = (
				83CBBA201A601CBA00E9B192 /* Debug */,
				83CBBA211A601CBA00E9B192 /* Release */,
			);
			defaultConfigurationIsVisible = 0;
			defaultConfigurationName = Release;
		};
/* End XCConfigurationList section */

/* Begin XCLocalSwiftPackageReference section */
		C257851D2D2AB7CD00495F11 /* XCLocalSwiftPackageReference "PassportReader" */ = {
			isa = XCLocalSwiftPackageReference;
			relativePath = PassportReader;
		};
/* End XCLocalSwiftPackageReference section */

/* Begin XCRemoteSwiftPackageReference section */
		C204E74C2EB43BF000914BDE /* XCRemoteSwiftPackageReference "Swoir" */ = {
			isa = XCRemoteSwiftPackageReference;
			repositoryURL = "https://github.com/Swoir/Swoir";
			requirement = {
				kind = exactVersion;
				version = "1.0.0-beta.22-1";
			};
		};
		C2197D2D2CC6A51D00EFB12F /* XCRemoteSwiftPackageReference "MRZParser" */ = {
			isa = XCRemoteSwiftPackageReference;
			repositoryURL = "https://github.com/appintheair/MRZParser";
			requirement = {
				kind = exactVersion;
				version = 1.1.3;
			};
		};
		C2197D452CC79A9F00EFB12F /* XCRemoteSwiftPackageReference "Swoir" */ = {
			isa = XCRemoteSwiftPackageReference;
			repositoryURL = "https://github.com/Swoir/Swoir";
			requirement = {
				kind = exactVersion;
				version = "1.0.0-beta.8-4";
			};
		};
		C268CB862EB3D444001229E8 /* XCRemoteSwiftPackageReference "Swoir" */ = {
			isa = XCRemoteSwiftPackageReference;
			repositoryURL = "https://github.com/Swoir/Swoir";
			requirement = {
				kind = exactVersion;
				version = "1.0.0-beta.14-3";
			};
		};
		C2D185CE2ED8B0560098C858 /* XCRemoteSwiftPackageReference "SwiftyTesseract" */ = {
			isa = XCRemoteSwiftPackageReference;
			repositoryURL = "https://github.com/SwiftyTesseract/SwiftyTesseract.git";
			requirement = {
				kind = upToNextMajorVersion;
				minimumVersion = 4.0.1;
			};
		};
		C2F0ADA62E5F505400A9E954 /* XCRemoteSwiftPackageReference "Swoir" */ = {
			isa = XCRemoteSwiftPackageReference;
			repositoryURL = "https://github.com/Swoir/Swoir";
			requirement = {
				branch = "1.0.0-beta.8-5";
				kind = branch;
			};
		};
		C2F0ADA92E5F510800A9E954 /* XCRemoteSwiftPackageReference "Swoir" */ = {
			isa = XCRemoteSwiftPackageReference;
			repositoryURL = "https://github.com/Swoir/Swoir";
			requirement = {
				kind = exactVersion;
				version = "1.0.0-beta.14-2";
			};
		};
/* End XCRemoteSwiftPackageReference section */

/* Begin XCSwiftPackageProductDependency section */
		C2010D922CCA518F003AB215 /* PassportReader */ = {
			isa = XCSwiftPackageProductDependency;
			productName = PassportReader;
		};
		C2010D962CCA68CE003AB215 /* PassportReader */ = {
			isa = XCSwiftPackageProductDependency;
			productName = PassportReader;
		};
		C204E74A2EB433BC00914BDE /* Swoir */ = {
			isa = XCSwiftPackageProductDependency;
			productName = Swoir;
		};
		C204E74D2EB43BF000914BDE /* Swoir */ = {
			isa = XCSwiftPackageProductDependency;
			package = C204E74C2EB43BF000914BDE /* XCRemoteSwiftPackageReference "Swoir" */;
			productName = Swoir;
		};
		C2197D2E2CC6A51D00EFB12F /* MRZParser */ = {
			isa = XCSwiftPackageProductDependency;
			package = C2197D2D2CC6A51D00EFB12F /* XCRemoteSwiftPackageReference "MRZParser" */;
			productName = MRZParser;
		};
		C2197D462CC79A9F00EFB12F /* Swoir */ = {
			isa = XCSwiftPackageProductDependency;
			package = C2197D452CC79A9F00EFB12F /* XCRemoteSwiftPackageReference "Swoir" */;
			productName = Swoir;
		};
		C2486D462CD8865B0020E7CD /* PassportReader */ = {
			isa = XCSwiftPackageProductDependency;
			productName = PassportReader;
		};
		C2486D492CD88E680020E7CD /* PassportReader */ = {
			isa = XCSwiftPackageProductDependency;
			productName = PassportReader;
		};
		C2486D4C2CDA99830020E7CD /* PassportReader */ = {
			isa = XCSwiftPackageProductDependency;
			productName = PassportReader;
		};
		C257851E2D2AB7CD00495F11 /* PassportReader */ = {
			isa = XCSwiftPackageProductDependency;
			productName = PassportReader;
		};
		C268CB872EB3D444001229E8 /* Swoir */ = {
			isa = XCSwiftPackageProductDependency;
			package = C268CB862EB3D444001229E8 /* XCRemoteSwiftPackageReference "Swoir" */;
			productName = Swoir;
		};
		C27F916A2CC8EF85000239D1 /* PassportReader */ = {
			isa = XCSwiftPackageProductDependency;
			productName = PassportReader;
		};
		C2A4560C2E5F2A0F009B2134 /* Swoir */ = {
			isa = XCSwiftPackageProductDependency;
			productName = Swoir;
		};
		C2A4560F2E5F2B5A009B2134 /* Swoir */ = {
			isa = XCSwiftPackageProductDependency;
			productName = Swoir;
		};
		C2B12FA12EA8E1DC00641E43 /* Swoir */ = {
			isa = XCSwiftPackageProductDependency;
			productName = Swoir;
		};
		C2D185CF2ED8B0560098C858 /* SwiftyTesseract */ = {
			isa = XCSwiftPackageProductDependency;
			package = C2D185CE2ED8B0560098C858 /* XCRemoteSwiftPackageReference "SwiftyTesseract" */;
			productName = SwiftyTesseract;
		};
		C2F0ADA72E5F505400A9E954 /* Swoir */ = {
			isa = XCSwiftPackageProductDependency;
			package = C2F0ADA62E5F505400A9E954 /* XCRemoteSwiftPackageReference "Swoir" */;
			productName = Swoir;
		};
		C2F0ADAA2E5F510800A9E954 /* Swoir */ = {
			isa = XCSwiftPackageProductDependency;
			package = C2F0ADA92E5F510800A9E954 /* XCRemoteSwiftPackageReference "Swoir" */;
			productName = Swoir;
		};
/* End XCSwiftPackageProductDependency section */
	};
	rootObject = 83CBB9F71A601CBA00E9B192 /* Project object */;
}
